{
  "requires": true,
  "lockfileVersion": 1,
  "dependencies": {
    "@types/node": {
      "version": "14.17.4",
      "resolved": "https://registry.npmjs.org/@types/node/-/node-14.17.4.tgz",
      "integrity": "sha512-8kQ3+wKGRNN0ghtEn7EGps/B8CzuBz1nXZEIGGLP2GnwbqYn4dbTs7k+VKLTq1HvZLRCIDtN3Snx1Ege8B7L5A=="
    },
    "awaitqueue": {
      "version": "2.3.3",
      "resolved": "https://registry.npmjs.org/awaitqueue/-/awaitqueue-2.3.3.tgz",
      "integrity": "sha512-RbzQg6VtPUtyErm55iuQLTrBJ2uihy5BKBOEkyBwv67xm5Fn2o/j+Bz+a5BmfSoe2oZ5dcz9Z3fExS8pL+LLhw=="
    },
    "debug": {
      "version": "4.3.1",
      "resolved": "https://registry.npmjs.org/debug/-/debug-4.3.1.tgz",
      "integrity": "sha512-doEwdvm4PCeK4K3RQN2ZC2BYUBaxwLARCqZmMjtF8a51J2Rb0xpVloFRnCODwqjpwnAoao4pelN8l3RJdv3gRQ==",
      "requires": {
        "ms": "2.1.2"
      }
    },
    "h264-profile-level-id": {
      "version": "1.0.1",
      "resolved": "https://registry.npmjs.org/h264-profile-level-id/-/h264-profile-level-id-1.0.1.tgz",
      "integrity": "sha512-D3Rln/jKNjKDW5ZTJTK3niSoOGE+pFqPvRHHVgQN3G7umcn/zWGPUo8Q8VpDj16x3hKz++zVviRNRmXu5cpN+Q==",
      "requires": {
        "debug": "^4.1.1"
      }
    },
    "has-flag": {
      "version": "4.0.0",
      "resolved": "https://registry.npmjs.org/has-flag/-/has-flag-4.0.0.tgz",
      "integrity": "sha512-EykJT/Q1KjTWctppgIAgfSO0tKVuZUjhgMr17kqTumMl6Afv3EISleU7qZUzoXDFTAHTDC4NOoG/ZxU3EvlMPQ=="
    },
    "mediasoup": {
      "version": "3.7.17",
      "resolved": "https://registry.npmjs.org/mediasoup/-/mediasoup-3.7.17.tgz",
      "integrity": "sha512-whURc8DE/+VPMVKCSlsKNEdHEp20af9xK2N8JpMt4h6ZcrMVHxznIMfv+s42mVPvJT2F7UOkkjBN13dXOxc5/Q==",
      "requires": {
        "@types/node": "^14.14.43",
        "awaitqueue": "^2.3.3",
        "debug": "^4.3.1",
        "h264-profile-level-id": "^1.0.1",
        "netstring": "^0.3.0",
        "random-number": "^0.0.9",
        "supports-color": "^8.1.1",
        "uuid": "^8.3.2"
      }
    },
    "ms": {
      "version": "2.1.2",
      "resolved": "https://registry.npmjs.org/ms/-/ms-2.1.2.tgz",
      "integrity": "sha512-sGkPx+VjMtmA6MX27oA4FBFELFCZZ4S4XqeGOXCv68tT+jb3vk/RyaKWP0PTKyWtmLSM0b+adUTEvbs1PEaH2w=="
    },
    "netstring": {
      "version": "0.3.0",
      "resolved": "https://registry.npmjs.org/netstring/-/netstring-0.3.0.tgz",
      "integrity": "sha1-ho3FsgxY0/cwVTHUk2jqqr0ZtxI="
    },
    "random-number": {
      "version": "0.0.9",
      "resolved": "https://registry.npmjs.org/random-number/-/random-number-0.0.9.tgz",
      "integrity": "sha512-ipG3kRCREi/YQpi2A5QGcvDz1KemohovWmH6qGfboVyyGdR2t/7zQz0vFxrfxpbHQgPPdtVlUDaks3aikD1Ljw=="
    },
    "supports-color": {
      "version": "8.1.1",
      "resolved": "https://registry.npmjs.org/supports-color/-/supports-color-8.1.1.tgz",
      "integrity": "sha512-MpUEN2OodtUzxvKQl72cUF7RQ5EiHsGvSsVG0ia9c5RbWGL2CI4C7EpPS8UTBIplnlzZiNuV56w+FuNxy3ty2Q==",
      "requires": {
        "has-flag": "^4.0.0"
      }
    },
    "uuid": {
      "version": "8.3.2",
      "resolved": "https://registry.npmjs.org/uuid/-/uuid-8.3.2.tgz",
      "integrity": "sha512-+NYs2QeMWy+GWFOEm9xnn6HCDp0l7QBD7ml8zLUmJ+93Q5NF0NocErnwkTkXVFNiX3/fpC6afS8Dhb/gz7R7eg=="
    }
  }
}
