
Microsoft Visual Studio Solution File, Format Version 12.00
# Visual Studio Version 17
VisualStudioVersion = 17.0.31912.275
MinimumVisualStudioVersion = 10.0.40219.1
Project("{2150E333-8FDC-42A3-9474-1A3956D46DE8}") = "WebRTCme.DemoApp", "WebRTCme.DemoApp", "{47EF2BFA-1BDD-45FD-BA01-B40ABC5D58E3}"
EndProject
Project("{9A19103F-16F7-4668-BE54-9A1E7A4F7556}") = "WebRTCme.Api", "WebRTCme.Api\WebRTCme.Api.csproj", "{78D9CB41-2BC4-4BB1-AA0B-68E141E64C10}"
EndProject
Project("{2150E333-8FDC-42A3-9474-1A3956D46DE8}") = "WebRTCme.Bindings", "WebRTCme.Bindings", "{761DF7FB-69F0-441D-B18F-B9803E48F6A5}"
EndProject
Project("{2150E333-8FDC-42A3-9474-1A3956D46DE8}") = "WebRTCme.Middleware", "WebRTCme.Middleware", "{1B143511-677C-4946-A201-C8D429A563A5}"
EndProject
Project("{9A19103F-16F7-4668-BE54-9A1E7A4F7556}") = "WebRTCme.Middleware.Blazor", "WebRTCme.Middleware\WebRTCme.Middleware.Blazor\WebRTCme.Middleware.Blazor.csproj", "{8E7559B1-3C14-438D-9D71-D5656C20387E}"
EndProject
Project("{9A19103F-16F7-4668-BE54-9A1E7A4F7556}") = "WebRTCme.Middleware", "WebRTCme.Middleware\WebRTCme.Middleware\WebRTCme.Middleware.csproj", "{83F339B2-8815-4479-ABA0-866962D44B10}"
EndProject
Project("{9A19103F-16F7-4668-BE54-9A1E7A4F7556}") = "WebRTCme.Bindings.Blazor", "WebRTCme.Bindings\WebRTCme.Bindings.Blazor\WebRTCme.Bindings.Blazor.csproj", "{36BF2F92-C0EF-4744-A345-C72C4215FAD4}"
EndProject
Project("{2150E333-8FDC-42A3-9474-1A3956D46DE8}") = "WebRTCme.Connection", "WebRTCme.Connection", "{A8D21D8F-F524-4E59-8176-A845757F0338}"
EndProject
Project("{2150E333-8FDC-42A3-9474-1A3956D46DE8}") = "Signaling", "Signaling", "{4DEFC4B0-15A4-4687-B3AE-FD0C97E54F59}"
EndProject
Project("{2150E333-8FDC-42A3-9474-1A3956D46DE8}") = "MediaSoup", "MediaSoup", "{203A5ABE-3B6C-42B3-8E6A-F3ADFC3F0886}"
EndProject
Project("{9A19103F-16F7-4668-BE54-9A1E7A4F7556}") = "WebRTCme.Connection", "WebRTCme.Connection\WebRTCme.Connection\WebRTCme.Connection.csproj", "{761D8A83-0F07-4B54-AC27-114B5985EF9F}"
EndProject
Project("{9A19103F-16F7-4668-BE54-9A1E7A4F7556}") = "WebRTCme.Connection.MediaSoup.Proxy", "WebRTCme.Connection\MediaSoup\WebRTCme.Connection.MediaSoup.Proxy\WebRTCme.Connection.MediaSoup.Proxy.csproj", "{998ADB37-94D9-4CE9-AE13-51B4A4E6D8D2}"
EndProject
Project("{9A19103F-16F7-4668-BE54-9A1E7A4F7556}") = "WebRTCme.Connection.Signaling", "WebRTCme.Connection\Signaling\WebRTCme.Connection.Signaling\WebRTCme.Connection.Signaling.csproj", "{33DD4B54-6D3A-4AA3-8013-2E7455C50D01}"
EndProject
Project("{9A19103F-16F7-4668-BE54-9A1E7A4F7556}") = "WebRTCme.Connection.Signaling.Proxy", "WebRTCme.Connection\Signaling\WebRTCme.Connection.Signaling.Proxy\WebRTCme.Connection.Signaling.Proxy.csproj", "{97A124E3-6915-482D-B1AD-A68381A431D9}"
EndProject
Project("{9A19103F-16F7-4668-BE54-9A1E7A4F7556}") = "WebRTCme.Connection.MediaSoup.Server", "WebRTCme.Connection\MediaSoup\WebRTCme.Connection.MediaSoup.Server\WebRTCme.Connection.MediaSoup.Server.csproj", "{872B1CE1-79B0-44A9-B589-B4EA8C31CC06}"
EndProject
Project("{9A19103F-16F7-4668-BE54-9A1E7A4F7556}") = "WebRTCme.Connection.Signaling.Server", "WebRTCme.Connection\Signaling\WebRTCme.Connection.Signaling.Server\WebRTCme.Connection.Signaling.Server.csproj", "{4A07FB39-D7D1-4B4D-941C-9A3D3D5C2CCD}"
EndProject
Project("{2150E333-8FDC-42A3-9474-1A3956D46DE8}") = "Maui", "Maui", "{13FA7562-58C6-4156-A6E6-04C43CF0F0BA}"
EndProject
Project("{9A19103F-16F7-4668-BE54-9A1E7A4F7556}") = "WebRTCme.Bindings.Maui.iOS", "WebRTCme.Bindings\Maui\WebRTCme.Bindings.Maui.iOS\WebRTCme.Bindings.Maui.iOS.csproj", "{3A693BF7-9747-4DC6-A0C8-84B6B33EFE38}"
EndProject
Project("{9A19103F-16F7-4668-BE54-9A1E7A4F7556}") = "WebRTCme.Bindings.Maui.Android", "WebRTCme.Bindings\Maui\WebRTCme.Bindings.Maui.Android\WebRTCme.Bindings.Maui.Android.csproj", "{75009AFA-7DA5-4A3D-AD02-C54455177C0F}"
EndProject
Project("{9A19103F-16F7-4668-BE54-9A1E7A4F7556}") = "WebRTCme", "WebRTCme\WebRTCme.csproj", "{1FB7C2CA-A417-45FB-B316-7A9F31111EA3}"
EndProject
Project("{9A19103F-16F7-4668-BE54-9A1E7A4F7556}") = "WebRTCme.Middleware.Maui", "WebRTCme.Middleware\WebRTCme.Middleware.Maui\WebRTCme.Middleware.Maui.csproj", "{D39DD147-9002-4444-84AA-9C05EA894F60}"
EndProject
Project("{9A19103F-16F7-4668-BE54-9A1E7A4F7556}") = "WebRTCme.DemoApp.Maui", "WebRTCme.DemoApp\WebRTCme.DemoApp.Maui\WebRTCme.DemoApp.Maui.csproj", "{D35476C4-7936-4446-AA80-BEC7D641DF28}"
EndProject
Project("{9A19103F-16F7-4668-BE54-9A1E7A4F7556}") = "WebRTCme.Bindings.SipSorcery", "WebRTCme.Bindings\WebRTCme.Bindings.SipSorcery\WebRTCme.Bindings.SipSorcery.csproj", "{CB2E5A24-FCED-4575-8465-FEA48791D3E5}"
EndProject
Project("{9A19103F-16F7-4668-BE54-9A1E7A4F7556}") = "WebRTCme.Connection.MediaSoup", "WebRTCme.Connection\MediaSoup\WebRTCme.Connection.MediaSoup\WebRTCme.Connection.MediaSoup.csproj", "{C52EE7AC-9E9A-4D34-BB17-2ECC7B758040}"
EndProject
Project("{9A19103F-16F7-4668-BE54-9A1E7A4F7556}") = "WebRTCme.Bindings.Native", "WebRTCme.Bindings\WebRTCme.Bindings.Native\WebRTCme.Bindings.Native.csproj", "{BA527794-8833-4F4C-B7CD-7E608F0FB993}"
EndProject
Project("{2150E333-8FDC-42A3-9474-1A3956D46DE8}") = "Tests", "Tests", "{1C30C95B-8A14-4699-99D9-988EA49F94E9}"
EndProject
Project("{9A19103F-16F7-4668-BE54-9A1E7A4F7556}") = "WebRtcInteropTestApp", "Tests\WebRtcInteropTestApp\WebRtcInteropTestApp.csproj", "{C1749CF4-D178-4C9D-A972-5E9D3F11AD3C}"
EndProject
Project("{9A19103F-16F7-4668-BE54-9A1E7A4F7556}") = "WebRTCme.DemoApp.Blazor", "WebRTCme.DemoApp\WebRTCme.DemoApp.Blazor\WebRTCme.DemoApp.Blazor.csproj", "{F89EB4F3-BB7D-4BF1-A72A-C620B12FEC0D}"
EndProject
Global
	GlobalSection(SolutionConfigurationPlatforms) = preSolution
		Debug|Any CPU = Debug|Any CPU
		Debug|iPhone = Debug|iPhone
		Debug|iPhoneSimulator = Debug|iPhoneSimulator
		Release|Any CPU = Release|Any CPU
		Release|iPhone = Release|iPhone
		Release|iPhoneSimulator = Release|iPhoneSimulator
	EndGlobalSection
	GlobalSection(ProjectConfigurationPlatforms) = postSolution
		{78D9CB41-2BC4-4BB1-AA0B-68E141E64C10}.Debug|Any CPU.ActiveCfg = Debug|Any CPU
		{78D9CB41-2BC4-4BB1-AA0B-68E141E64C10}.Debug|Any CPU.Build.0 = Debug|Any CPU
		{78D9CB41-2BC4-4BB1-AA0B-68E141E64C10}.Debug|iPhone.ActiveCfg = Debug|Any CPU
		{78D9CB41-2BC4-4BB1-AA0B-68E141E64C10}.Debug|iPhone.Build.0 = Debug|Any CPU
		{78D9CB41-2BC4-4BB1-AA0B-68E141E64C10}.Debug|iPhoneSimulator.ActiveCfg = Debug|Any CPU
		{78D9CB41-2BC4-4BB1-AA0B-68E141E64C10}.Debug|iPhoneSimulator.Build.0 = Debug|Any CPU
		{78D9CB41-2BC4-4BB1-AA0B-68E141E64C10}.Release|Any CPU.ActiveCfg = Release|Any CPU
		{78D9CB41-2BC4-4BB1-AA0B-68E141E64C10}.Release|Any CPU.Build.0 = Release|Any CPU
		{78D9CB41-2BC4-4BB1-AA0B-68E141E64C10}.Release|iPhone.ActiveCfg = Release|Any CPU
		{78D9CB41-2BC4-4BB1-AA0B-68E141E64C10}.Release|iPhone.Build.0 = Release|Any CPU
		{78D9CB41-2BC4-4BB1-AA0B-68E141E64C10}.Release|iPhoneSimulator.ActiveCfg = Release|Any CPU
		{78D9CB41-2BC4-4BB1-AA0B-68E141E64C10}.Release|iPhoneSimulator.Build.0 = Release|Any CPU
		{8E7559B1-3C14-438D-9D71-D5656C20387E}.Debug|Any CPU.ActiveCfg = Debug|Any CPU
		{8E7559B1-3C14-438D-9D71-D5656C20387E}.Debug|Any CPU.Build.0 = Debug|Any CPU
		{8E7559B1-3C14-438D-9D71-D5656C20387E}.Debug|iPhone.ActiveCfg = Debug|Any CPU
		{8E7559B1-3C14-438D-9D71-D5656C20387E}.Debug|iPhone.Build.0 = Debug|Any CPU
		{8E7559B1-3C14-438D-9D71-D5656C20387E}.Debug|iPhoneSimulator.ActiveCfg = Debug|Any CPU
		{8E7559B1-3C14-438D-9D71-D5656C20387E}.Debug|iPhoneSimulator.Build.0 = Debug|Any CPU
		{8E7559B1-3C14-438D-9D71-D5656C20387E}.Release|Any CPU.ActiveCfg = Release|Any CPU
		{8E7559B1-3C14-438D-9D71-D5656C20387E}.Release|Any CPU.Build.0 = Release|Any CPU
		{8E7559B1-3C14-438D-9D71-D5656C20387E}.Release|iPhone.ActiveCfg = Release|Any CPU
		{8E7559B1-3C14-438D-9D71-D5656C20387E}.Release|iPhone.Build.0 = Release|Any CPU
		{8E7559B1-3C14-438D-9D71-D5656C20387E}.Release|iPhoneSimulator.ActiveCfg = Release|Any CPU
		{8E7559B1-3C14-438D-9D71-D5656C20387E}.Release|iPhoneSimulator.Build.0 = Release|Any CPU
		{83F339B2-8815-4479-ABA0-866962D44B10}.Debug|Any CPU.ActiveCfg = Debug|Any CPU
		{83F339B2-8815-4479-ABA0-866962D44B10}.Debug|Any CPU.Build.0 = Debug|Any CPU
		{83F339B2-8815-4479-ABA0-866962D44B10}.Debug|iPhone.ActiveCfg = Debug|Any CPU
		{83F339B2-8815-4479-ABA0-866962D44B10}.Debug|iPhone.Build.0 = Debug|Any CPU
		{83F339B2-8815-4479-ABA0-866962D44B10}.Debug|iPhoneSimulator.ActiveCfg = Debug|Any CPU
		{83F339B2-8815-4479-ABA0-866962D44B10}.Debug|iPhoneSimulator.Build.0 = Debug|Any CPU
		{83F339B2-8815-4479-ABA0-866962D44B10}.Release|Any CPU.ActiveCfg = Release|Any CPU
		{83F339B2-8815-4479-ABA0-866962D44B10}.Release|Any CPU.Build.0 = Release|Any CPU
		{83F339B2-8815-4479-ABA0-866962D44B10}.Release|iPhone.ActiveCfg = Release|Any CPU
		{83F339B2-8815-4479-ABA0-866962D44B10}.Release|iPhone.Build.0 = Release|Any CPU
		{83F339B2-8815-4479-ABA0-866962D44B10}.Release|iPhoneSimulator.ActiveCfg = Release|Any CPU
		{83F339B2-8815-4479-ABA0-866962D44B10}.Release|iPhoneSimulator.Build.0 = Release|Any CPU
		{36BF2F92-C0EF-4744-A345-C72C4215FAD4}.Debug|Any CPU.ActiveCfg = Debug|Any CPU
		{36BF2F92-C0EF-4744-A345-C72C4215FAD4}.Debug|Any CPU.Build.0 = Debug|Any CPU
		{36BF2F92-C0EF-4744-A345-C72C4215FAD4}.Debug|iPhone.ActiveCfg = Debug|Any CPU
		{36BF2F92-C0EF-4744-A345-C72C4215FAD4}.Debug|iPhone.Build.0 = Debug|Any CPU
		{36BF2F92-C0EF-4744-A345-C72C4215FAD4}.Debug|iPhoneSimulator.ActiveCfg = Debug|Any CPU
		{36BF2F92-C0EF-4744-A345-C72C4215FAD4}.Debug|iPhoneSimulator.Build.0 = Debug|Any CPU
		{36BF2F92-C0EF-4744-A345-C72C4215FAD4}.Release|Any CPU.ActiveCfg = Release|Any CPU
		{36BF2F92-C0EF-4744-A345-C72C4215FAD4}.Release|Any CPU.Build.0 = Release|Any CPU
		{36BF2F92-C0EF-4744-A345-C72C4215FAD4}.Release|iPhone.ActiveCfg = Release|Any CPU
		{36BF2F92-C0EF-4744-A345-C72C4215FAD4}.Release|iPhone.Build.0 = Release|Any CPU
		{36BF2F92-C0EF-4744-A345-C72C4215FAD4}.Release|iPhoneSimulator.ActiveCfg = Release|Any CPU
		{36BF2F92-C0EF-4744-A345-C72C4215FAD4}.Release|iPhoneSimulator.Build.0 = Release|Any CPU
		{761D8A83-0F07-4B54-AC27-114B5985EF9F}.Debug|Any CPU.ActiveCfg = Debug|Any CPU
		{761D8A83-0F07-4B54-AC27-114B5985EF9F}.Debug|Any CPU.Build.0 = Debug|Any CPU
		{761D8A83-0F07-4B54-AC27-114B5985EF9F}.Debug|iPhone.ActiveCfg = Debug|Any CPU
		{761D8A83-0F07-4B54-AC27-114B5985EF9F}.Debug|iPhone.Build.0 = Debug|Any CPU
		{761D8A83-0F07-4B54-AC27-114B5985EF9F}.Debug|iPhoneSimulator.ActiveCfg = Debug|Any CPU
		{761D8A83-0F07-4B54-AC27-114B5985EF9F}.Debug|iPhoneSimulator.Build.0 = Debug|Any CPU
		{761D8A83-0F07-4B54-AC27-114B5985EF9F}.Release|Any CPU.ActiveCfg = Release|Any CPU
		{761D8A83-0F07-4B54-AC27-114B5985EF9F}.Release|Any CPU.Build.0 = Release|Any CPU
		{761D8A83-0F07-4B54-AC27-114B5985EF9F}.Release|iPhone.ActiveCfg = Release|Any CPU
		{761D8A83-0F07-4B54-AC27-114B5985EF9F}.Release|iPhone.Build.0 = Release|Any CPU
		{761D8A83-0F07-4B54-AC27-114B5985EF9F}.Release|iPhoneSimulator.ActiveCfg = Release|Any CPU
		{761D8A83-0F07-4B54-AC27-114B5985EF9F}.Release|iPhoneSimulator.Build.0 = Release|Any CPU
		{998ADB37-94D9-4CE9-AE13-51B4A4E6D8D2}.Debug|Any CPU.ActiveCfg = Debug|Any CPU
		{998ADB37-94D9-4CE9-AE13-51B4A4E6D8D2}.Debug|Any CPU.Build.0 = Debug|Any CPU
		{998ADB37-94D9-4CE9-AE13-51B4A4E6D8D2}.Debug|iPhone.ActiveCfg = Debug|Any CPU
		{998ADB37-94D9-4CE9-AE13-51B4A4E6D8D2}.Debug|iPhone.Build.0 = Debug|Any CPU
		{998ADB37-94D9-4CE9-AE13-51B4A4E6D8D2}.Debug|iPhoneSimulator.ActiveCfg = Debug|Any CPU
		{998ADB37-94D9-4CE9-AE13-51B4A4E6D8D2}.Debug|iPhoneSimulator.Build.0 = Debug|Any CPU
		{998ADB37-94D9-4CE9-AE13-51B4A4E6D8D2}.Release|Any CPU.ActiveCfg = Release|Any CPU
		{998ADB37-94D9-4CE9-AE13-51B4A4E6D8D2}.Release|Any CPU.Build.0 = Release|Any CPU
		{998ADB37-94D9-4CE9-AE13-51B4A4E6D8D2}.Release|iPhone.ActiveCfg = Release|Any CPU
		{998ADB37-94D9-4CE9-AE13-51B4A4E6D8D2}.Release|iPhone.Build.0 = Release|Any CPU
		{998ADB37-94D9-4CE9-AE13-51B4A4E6D8D2}.Release|iPhoneSimulator.ActiveCfg = Release|Any CPU
		{998ADB37-94D9-4CE9-AE13-51B4A4E6D8D2}.Release|iPhoneSimulator.Build.0 = Release|Any CPU
		{33DD4B54-6D3A-4AA3-8013-2E7455C50D01}.Debug|Any CPU.ActiveCfg = Debug|Any CPU
		{33DD4B54-6D3A-4AA3-8013-2E7455C50D01}.Debug|Any CPU.Build.0 = Debug|Any CPU
		{33DD4B54-6D3A-4AA3-8013-2E7455C50D01}.Debug|iPhone.ActiveCfg = Debug|Any CPU
		{33DD4B54-6D3A-4AA3-8013-2E7455C50D01}.Debug|iPhone.Build.0 = Debug|Any CPU
		{33DD4B54-6D3A-4AA3-8013-2E7455C50D01}.Debug|iPhoneSimulator.ActiveCfg = Debug|Any CPU
		{33DD4B54-6D3A-4AA3-8013-2E7455C50D01}.Debug|iPhoneSimulator.Build.0 = Debug|Any CPU
		{33DD4B54-6D3A-4AA3-8013-2E7455C50D01}.Release|Any CPU.ActiveCfg = Release|Any CPU
		{33DD4B54-6D3A-4AA3-8013-2E7455C50D01}.Release|Any CPU.Build.0 = Release|Any CPU
		{33DD4B54-6D3A-4AA3-8013-2E7455C50D01}.Release|iPhone.ActiveCfg = Release|Any CPU
		{33DD4B54-6D3A-4AA3-8013-2E7455C50D01}.Release|iPhone.Build.0 = Release|Any CPU
		{33DD4B54-6D3A-4AA3-8013-2E7455C50D01}.Release|iPhoneSimulator.ActiveCfg = Release|Any CPU
		{33DD4B54-6D3A-4AA3-8013-2E7455C50D01}.Release|iPhoneSimulator.Build.0 = Release|Any CPU
		{97A124E3-6915-482D-B1AD-A68381A431D9}.Debug|Any CPU.ActiveCfg = Debug|Any CPU
		{97A124E3-6915-482D-B1AD-A68381A431D9}.Debug|Any CPU.Build.0 = Debug|Any CPU
		{97A124E3-6915-482D-B1AD-A68381A431D9}.Debug|iPhone.ActiveCfg = Debug|Any CPU
		{97A124E3-6915-482D-B1AD-A68381A431D9}.Debug|iPhone.Build.0 = Debug|Any CPU
		{97A124E3-6915-482D-B1AD-A68381A431D9}.Debug|iPhoneSimulator.ActiveCfg = Debug|Any CPU
		{97A124E3-6915-482D-B1AD-A68381A431D9}.Debug|iPhoneSimulator.Build.0 = Debug|Any CPU
		{97A124E3-6915-482D-B1AD-A68381A431D9}.Release|Any CPU.ActiveCfg = Release|Any CPU
		{97A124E3-6915-482D-B1AD-A68381A431D9}.Release|Any CPU.Build.0 = Release|Any CPU
		{97A124E3-6915-482D-B1AD-A68381A431D9}.Release|iPhone.ActiveCfg = Release|Any CPU
		{97A124E3-6915-482D-B1AD-A68381A431D9}.Release|iPhone.Build.0 = Release|Any CPU
		{97A124E3-6915-482D-B1AD-A68381A431D9}.Release|iPhoneSimulator.ActiveCfg = Release|Any CPU
		{97A124E3-6915-482D-B1AD-A68381A431D9}.Release|iPhoneSimulator.Build.0 = Release|Any CPU
		{872B1CE1-79B0-44A9-B589-B4EA8C31CC06}.Debug|Any CPU.ActiveCfg = Debug|Any CPU
		{872B1CE1-79B0-44A9-B589-B4EA8C31CC06}.Debug|Any CPU.Build.0 = Debug|Any CPU
		{872B1CE1-79B0-44A9-B589-B4EA8C31CC06}.Debug|iPhone.ActiveCfg = Debug|Any CPU
		{872B1CE1-79B0-44A9-B589-B4EA8C31CC06}.Debug|iPhone.Build.0 = Debug|Any CPU
		{872B1CE1-79B0-44A9-B589-B4EA8C31CC06}.Debug|iPhoneSimulator.ActiveCfg = Debug|Any CPU
		{872B1CE1-79B0-44A9-B589-B4EA8C31CC06}.Debug|iPhoneSimulator.Build.0 = Debug|Any CPU
		{872B1CE1-79B0-44A9-B589-B4EA8C31CC06}.Release|Any CPU.ActiveCfg = Release|Any CPU
		{872B1CE1-79B0-44A9-B589-B4EA8C31CC06}.Release|Any CPU.Build.0 = Release|Any CPU
		{872B1CE1-79B0-44A9-B589-B4EA8C31CC06}.Release|iPhone.ActiveCfg = Release|Any CPU
		{872B1CE1-79B0-44A9-B589-B4EA8C31CC06}.Release|iPhone.Build.0 = Release|Any CPU
		{872B1CE1-79B0-44A9-B589-B4EA8C31CC06}.Release|iPhoneSimulator.ActiveCfg = Release|Any CPU
		{872B1CE1-79B0-44A9-B589-B4EA8C31CC06}.Release|iPhoneSimulator.Build.0 = Release|Any CPU
		{4A07FB39-D7D1-4B4D-941C-9A3D3D5C2CCD}.Debug|Any CPU.ActiveCfg = Debug|Any CPU
		{4A07FB39-D7D1-4B4D-941C-9A3D3D5C2CCD}.Debug|Any CPU.Build.0 = Debug|Any CPU
		{4A07FB39-D7D1-4B4D-941C-9A3D3D5C2CCD}.Debug|iPhone.ActiveCfg = Debug|Any CPU
		{4A07FB39-D7D1-4B4D-941C-9A3D3D5C2CCD}.Debug|iPhone.Build.0 = Debug|Any CPU
		{4A07FB39-D7D1-4B4D-941C-9A3D3D5C2CCD}.Debug|iPhoneSimulator.ActiveCfg = Debug|Any CPU
		{4A07FB39-D7D1-4B4D-941C-9A3D3D5C2CCD}.Debug|iPhoneSimulator.Build.0 = Debug|Any CPU
		{4A07FB39-D7D1-4B4D-941C-9A3D3D5C2CCD}.Release|Any CPU.ActiveCfg = Release|Any CPU
		{4A07FB39-D7D1-4B4D-941C-9A3D3D5C2CCD}.Release|Any CPU.Build.0 = Release|Any CPU
		{4A07FB39-D7D1-4B4D-941C-9A3D3D5C2CCD}.Release|iPhone.ActiveCfg = Release|Any CPU
		{4A07FB39-D7D1-4B4D-941C-9A3D3D5C2CCD}.Release|iPhone.Build.0 = Release|Any CPU
		{4A07FB39-D7D1-4B4D-941C-9A3D3D5C2CCD}.Release|iPhoneSimulator.ActiveCfg = Release|Any CPU
		{4A07FB39-D7D1-4B4D-941C-9A3D3D5C2CCD}.Release|iPhoneSimulator.Build.0 = Release|Any CPU
		{3A693BF7-9747-4DC6-A0C8-84B6B33EFE38}.Debug|Any CPU.ActiveCfg = Debug|Any CPU
		{3A693BF7-9747-4DC6-A0C8-84B6B33EFE38}.Debug|Any CPU.Build.0 = Debug|Any CPU
		{3A693BF7-9747-4DC6-A0C8-84B6B33EFE38}.Debug|iPhone.ActiveCfg = Debug|Any CPU
		{3A693BF7-9747-4DC6-A0C8-84B6B33EFE38}.Debug|iPhone.Build.0 = Debug|Any CPU
		{3A693BF7-9747-4DC6-A0C8-84B6B33EFE38}.Debug|iPhoneSimulator.ActiveCfg = Debug|Any CPU
		{3A693BF7-9747-4DC6-A0C8-84B6B33EFE38}.Debug|iPhoneSimulator.Build.0 = Debug|Any CPU
		{3A693BF7-9747-4DC6-A0C8-84B6B33EFE38}.Release|Any CPU.ActiveCfg = Release|Any CPU
		{3A693BF7-9747-4DC6-A0C8-84B6B33EFE38}.Release|Any CPU.Build.0 = Release|Any CPU
		{3A693BF7-9747-4DC6-A0C8-84B6B33EFE38}.Release|iPhone.ActiveCfg = Release|Any CPU
		{3A693BF7-9747-4DC6-A0C8-84B6B33EFE38}.Release|iPhone.Build.0 = Release|Any CPU
		{3A693BF7-9747-4DC6-A0C8-84B6B33EFE38}.Release|iPhoneSimulator.ActiveCfg = Release|Any CPU
		{3A693BF7-9747-4DC6-A0C8-84B6B33EFE38}.Release|iPhoneSimulator.Build.0 = Release|Any CPU
		{75009AFA-7DA5-4A3D-AD02-C54455177C0F}.Debug|Any CPU.ActiveCfg = Debug|Any CPU
		{75009AFA-7DA5-4A3D-AD02-C54455177C0F}.Debug|Any CPU.Build.0 = Debug|Any CPU
		{75009AFA-7DA5-4A3D-AD02-C54455177C0F}.Debug|iPhone.ActiveCfg = Debug|Any CPU
		{75009AFA-7DA5-4A3D-AD02-C54455177C0F}.Debug|iPhone.Build.0 = Debug|Any CPU
		{75009AFA-7DA5-4A3D-AD02-C54455177C0F}.Debug|iPhoneSimulator.ActiveCfg = Debug|Any CPU
		{75009AFA-7DA5-4A3D-AD02-C54455177C0F}.Debug|iPhoneSimulator.Build.0 = Debug|Any CPU
		{75009AFA-7DA5-4A3D-AD02-C54455177C0F}.Release|Any CPU.ActiveCfg = Release|Any CPU
		{75009AFA-7DA5-4A3D-AD02-C54455177C0F}.Release|Any CPU.Build.0 = Release|Any CPU
		{75009AFA-7DA5-4A3D-AD02-C54455177C0F}.Release|iPhone.ActiveCfg = Release|Any CPU
		{75009AFA-7DA5-4A3D-AD02-C54455177C0F}.Release|iPhone.Build.0 = Release|Any CPU
		{75009AFA-7DA5-4A3D-AD02-C54455177C0F}.Release|iPhoneSimulator.ActiveCfg = Release|Any CPU
		{75009AFA-7DA5-4A3D-AD02-C54455177C0F}.Release|iPhoneSimulator.Build.0 = Release|Any CPU
		{1FB7C2CA-A417-45FB-B316-7A9F31111EA3}.Debug|Any CPU.ActiveCfg = Debug|Any CPU
		{1FB7C2CA-A417-45FB-B316-7A9F31111EA3}.Debug|Any CPU.Build.0 = Debug|Any CPU
		{1FB7C2CA-A417-45FB-B316-7A9F31111EA3}.Debug|iPhone.ActiveCfg = Debug|Any CPU
		{1FB7C2CA-A417-45FB-B316-7A9F31111EA3}.Debug|iPhone.Build.0 = Debug|Any CPU
		{1FB7C2CA-A417-45FB-B316-7A9F31111EA3}.Debug|iPhoneSimulator.ActiveCfg = Debug|Any CPU
		{1FB7C2CA-A417-45FB-B316-7A9F31111EA3}.Debug|iPhoneSimulator.Build.0 = Debug|Any CPU
		{1FB7C2CA-A417-45FB-B316-7A9F31111EA3}.Release|Any CPU.ActiveCfg = Release|Any CPU
		{1FB7C2CA-A417-45FB-B316-7A9F31111EA3}.Release|Any CPU.Build.0 = Release|Any CPU
		{1FB7C2CA-A417-45FB-B316-7A9F31111EA3}.Release|iPhone.ActiveCfg = Release|Any CPU
		{1FB7C2CA-A417-45FB-B316-7A9F31111EA3}.Release|iPhone.Build.0 = Release|Any CPU
		{1FB7C2CA-A417-45FB-B316-7A9F31111EA3}.Release|iPhoneSimulator.ActiveCfg = Release|Any CPU
		{1FB7C2CA-A417-45FB-B316-7A9F31111EA3}.Release|iPhoneSimulator.Build.0 = Release|Any CPU
		{D39DD147-9002-4444-84AA-9C05EA894F60}.Debug|Any CPU.ActiveCfg = Debug|Any CPU
		{D39DD147-9002-4444-84AA-9C05EA894F60}.Debug|Any CPU.Build.0 = Debug|Any CPU
		{D39DD147-9002-4444-84AA-9C05EA894F60}.Debug|iPhone.ActiveCfg = Debug|Any CPU
		{D39DD147-9002-4444-84AA-9C05EA894F60}.Debug|iPhone.Build.0 = Debug|Any CPU
		{D39DD147-9002-4444-84AA-9C05EA894F60}.Debug|iPhoneSimulator.ActiveCfg = Debug|Any CPU
		{D39DD147-9002-4444-84AA-9C05EA894F60}.Debug|iPhoneSimulator.Build.0 = Debug|Any CPU
		{D39DD147-9002-4444-84AA-9C05EA894F60}.Release|Any CPU.ActiveCfg = Release|Any CPU
		{D39DD147-9002-4444-84AA-9C05EA894F60}.Release|Any CPU.Build.0 = Release|Any CPU
		{D39DD147-9002-4444-84AA-9C05EA894F60}.Release|iPhone.ActiveCfg = Release|Any CPU
		{D39DD147-9002-4444-84AA-9C05EA894F60}.Release|iPhone.Build.0 = Release|Any CPU
		{D39DD147-9002-4444-84AA-9C05EA894F60}.Release|iPhoneSimulator.ActiveCfg = Release|Any CPU
		{D39DD147-9002-4444-84AA-9C05EA894F60}.Release|iPhoneSimulator.Build.0 = Release|Any CPU
		{D35476C4-7936-4446-AA80-BEC7D641DF28}.Debug|Any CPU.ActiveCfg = Debug|Any CPU
		{D35476C4-7936-4446-AA80-BEC7D641DF28}.Debug|Any CPU.Build.0 = Debug|Any CPU
		{D35476C4-7936-4446-AA80-BEC7D641DF28}.Debug|Any CPU.Deploy.0 = Debug|Any CPU
		{D35476C4-7936-4446-AA80-BEC7D641DF28}.Debug|iPhone.ActiveCfg = Debug|Any CPU
		{D35476C4-7936-4446-AA80-BEC7D641DF28}.Debug|iPhone.Build.0 = Debug|Any CPU
		{D35476C4-7936-4446-AA80-BEC7D641DF28}.Debug|iPhone.Deploy.0 = Debug|Any CPU
		{D35476C4-7936-4446-AA80-BEC7D641DF28}.Debug|iPhoneSimulator.ActiveCfg = Debug|Any CPU
		{D35476C4-7936-4446-AA80-BEC7D641DF28}.Debug|iPhoneSimulator.Build.0 = Debug|Any CPU
		{D35476C4-7936-4446-AA80-BEC7D641DF28}.Debug|iPhoneSimulator.Deploy.0 = Debug|Any CPU
		{D35476C4-7936-4446-AA80-BEC7D641DF28}.Release|Any CPU.ActiveCfg = Release|Any CPU
		{D35476C4-7936-4446-AA80-BEC7D641DF28}.Release|Any CPU.Build.0 = Release|Any CPU
		{D35476C4-7936-4446-AA80-BEC7D641DF28}.Release|Any CPU.Deploy.0 = Release|Any CPU
		{D35476C4-7936-4446-AA80-BEC7D641DF28}.Release|iPhone.ActiveCfg = Release|Any CPU
		{D35476C4-7936-4446-AA80-BEC7D641DF28}.Release|iPhone.Build.0 = Release|Any CPU
		{D35476C4-7936-4446-AA80-BEC7D641DF28}.Release|iPhone.Deploy.0 = Release|Any CPU
		{D35476C4-7936-4446-AA80-BEC7D641DF28}.Release|iPhoneSimulator.ActiveCfg = Release|Any CPU
		{D35476C4-7936-4446-AA80-BEC7D641DF28}.Release|iPhoneSimulator.Build.0 = Release|Any CPU
		{D35476C4-7936-4446-AA80-BEC7D641DF28}.Release|iPhoneSimulator.Deploy.0 = Release|Any CPU
		{CB2E5A24-FCED-4575-8465-FEA48791D3E5}.Debug|Any CPU.ActiveCfg = Debug|Any CPU
		{CB2E5A24-FCED-4575-8465-FEA48791D3E5}.Debug|Any CPU.Build.0 = Debug|Any CPU
		{CB2E5A24-FCED-4575-8465-FEA48791D3E5}.Debug|iPhone.ActiveCfg = Debug|Any CPU
		{CB2E5A24-FCED-4575-8465-FEA48791D3E5}.Debug|iPhone.Build.0 = Debug|Any CPU
		{CB2E5A24-FCED-4575-8465-FEA48791D3E5}.Debug|iPhoneSimulator.ActiveCfg = Debug|Any CPU
		{CB2E5A24-FCED-4575-8465-FEA48791D3E5}.Debug|iPhoneSimulator.Build.0 = Debug|Any CPU
		{CB2E5A24-FCED-4575-8465-FEA48791D3E5}.Release|Any CPU.ActiveCfg = Release|Any CPU
		{CB2E5A24-FCED-4575-8465-FEA48791D3E5}.Release|Any CPU.Build.0 = Release|Any CPU
		{CB2E5A24-FCED-4575-8465-FEA48791D3E5}.Release|iPhone.ActiveCfg = Release|Any CPU
		{CB2E5A24-FCED-4575-8465-FEA48791D3E5}.Release|iPhone.Build.0 = Release|Any CPU
		{CB2E5A24-FCED-4575-8465-FEA48791D3E5}.Release|iPhoneSimulator.ActiveCfg = Release|Any CPU
		{CB2E5A24-FCED-4575-8465-FEA48791D3E5}.Release|iPhoneSimulator.Build.0 = Release|Any CPU
		{C52EE7AC-9E9A-4D34-BB17-2ECC7B758040}.Debug|Any CPU.ActiveCfg = Debug|Any CPU
		{C52EE7AC-9E9A-4D34-BB17-2ECC7B758040}.Debug|Any CPU.Build.0 = Debug|Any CPU
		{C52EE7AC-9E9A-4D34-BB17-2ECC7B758040}.Debug|iPhone.ActiveCfg = Debug|Any CPU
		{C52EE7AC-9E9A-4D34-BB17-2ECC7B758040}.Debug|iPhone.Build.0 = Debug|Any CPU
		{C52EE7AC-9E9A-4D34-BB17-2ECC7B758040}.Debug|iPhoneSimulator.ActiveCfg = Debug|Any CPU
		{C52EE7AC-9E9A-4D34-BB17-2ECC7B758040}.Debug|iPhoneSimulator.Build.0 = Debug|Any CPU
		{C52EE7AC-9E9A-4D34-BB17-2ECC7B758040}.Release|Any CPU.ActiveCfg = Release|Any CPU
		{C52EE7AC-9E9A-4D34-BB17-2ECC7B758040}.Release|Any CPU.Build.0 = Release|Any CPU
		{C52EE7AC-9E9A-4D34-BB17-2ECC7B758040}.Release|iPhone.ActiveCfg = Release|Any CPU
		{C52EE7AC-9E9A-4D34-BB17-2ECC7B758040}.Release|iPhone.Build.0 = Release|Any CPU
		{C52EE7AC-9E9A-4D34-BB17-2ECC7B758040}.Release|iPhoneSimulator.ActiveCfg = Release|Any CPU
		{C52EE7AC-9E9A-4D34-BB17-2ECC7B758040}.Release|iPhoneSimulator.Build.0 = Release|Any CPU
		{BA527794-8833-4F4C-B7CD-7E608F0FB993}.Debug|Any CPU.ActiveCfg = Debug|Any CPU
		{BA527794-8833-4F4C-B7CD-7E608F0FB993}.Debug|Any CPU.Build.0 = Debug|Any CPU
		{BA527794-8833-4F4C-B7CD-7E608F0FB993}.Debug|iPhone.ActiveCfg = Debug|Any CPU
		{BA527794-8833-4F4C-B7CD-7E608F0FB993}.Debug|iPhone.Build.0 = Debug|Any CPU
		{BA527794-8833-4F4C-B7CD-7E608F0FB993}.Debug|iPhoneSimulator.ActiveCfg = Debug|Any CPU
		{BA527794-8833-4F4C-B7CD-7E608F0FB993}.Debug|iPhoneSimulator.Build.0 = Debug|Any CPU
		{BA527794-8833-4F4C-B7CD-7E608F0FB993}.Release|Any CPU.ActiveCfg = Release|Any CPU
		{BA527794-8833-4F4C-B7CD-7E608F0FB993}.Release|Any CPU.Build.0 = Release|Any CPU
		{BA527794-8833-4F4C-B7CD-7E608F0FB993}.Release|iPhone.ActiveCfg = Release|Any CPU
		{BA527794-8833-4F4C-B7CD-7E608F0FB993}.Release|iPhone.Build.0 = Release|Any CPU
		{BA527794-8833-4F4C-B7CD-7E608F0FB993}.Release|iPhoneSimulator.ActiveCfg = Release|Any CPU
		{BA527794-8833-4F4C-B7CD-7E608F0FB993}.Release|iPhoneSimulator.Build.0 = Release|Any CPU
		{C1749CF4-D178-4C9D-A972-5E9D3F11AD3C}.Debug|Any CPU.ActiveCfg = Debug|Any CPU
		{C1749CF4-D178-4C9D-A972-5E9D3F11AD3C}.Debug|Any CPU.Build.0 = Debug|Any CPU
		{C1749CF4-D178-4C9D-A972-5E9D3F11AD3C}.Debug|iPhone.ActiveCfg = Debug|Any CPU
		{C1749CF4-D178-4C9D-A972-5E9D3F11AD3C}.Debug|iPhone.Build.0 = Debug|Any CPU
		{C1749CF4-D178-4C9D-A972-5E9D3F11AD3C}.Debug|iPhoneSimulator.ActiveCfg = Debug|Any CPU
		{C1749CF4-D178-4C9D-A972-5E9D3F11AD3C}.Debug|iPhoneSimulator.Build.0 = Debug|Any CPU
		{C1749CF4-D178-4C9D-A972-5E9D3F11AD3C}.Release|Any CPU.ActiveCfg = Release|Any CPU
		{C1749CF4-D178-4C9D-A972-5E9D3F11AD3C}.Release|Any CPU.Build.0 = Release|Any CPU
		{C1749CF4-D178-4C9D-A972-5E9D3F11AD3C}.Release|iPhone.ActiveCfg = Release|Any CPU
		{C1749CF4-D178-4C9D-A972-5E9D3F11AD3C}.Release|iPhone.Build.0 = Release|Any CPU
		{C1749CF4-D178-4C9D-A972-5E9D3F11AD3C}.Release|iPhoneSimulator.ActiveCfg = Release|Any CPU
		{C1749CF4-D178-4C9D-A972-5E9D3F11AD3C}.Release|iPhoneSimulator.Build.0 = Release|Any CPU
		{F89EB4F3-BB7D-4BF1-A72A-C620B12FEC0D}.Debug|Any CPU.ActiveCfg = Debug|Any CPU
		{F89EB4F3-BB7D-4BF1-A72A-C620B12FEC0D}.Debug|Any CPU.Build.0 = Debug|Any CPU
		{F89EB4F3-BB7D-4BF1-A72A-C620B12FEC0D}.Debug|iPhone.ActiveCfg = Debug|Any CPU
		{F89EB4F3-BB7D-4BF1-A72A-C620B12FEC0D}.Debug|iPhone.Build.0 = Debug|Any CPU
		{F89EB4F3-BB7D-4BF1-A72A-C620B12FEC0D}.Debug|iPhoneSimulator.ActiveCfg = Debug|Any CPU
		{F89EB4F3-BB7D-4BF1-A72A-C620B12FEC0D}.Debug|iPhoneSimulator.Build.0 = Debug|Any CPU
		{F89EB4F3-BB7D-4BF1-A72A-C620B12FEC0D}.Release|Any CPU.ActiveCfg = Release|Any CPU
		{F89EB4F3-BB7D-4BF1-A72A-C620B12FEC0D}.Release|Any CPU.Build.0 = Release|Any CPU
		{F89EB4F3-BB7D-4BF1-A72A-C620B12FEC0D}.Release|iPhone.ActiveCfg = Release|Any CPU
		{F89EB4F3-BB7D-4BF1-A72A-C620B12FEC0D}.Release|iPhone.Build.0 = Release|Any CPU
		{F89EB4F3-BB7D-4BF1-A72A-C620B12FEC0D}.Release|iPhoneSimulator.ActiveCfg = Release|Any CPU
		{F89EB4F3-BB7D-4BF1-A72A-C620B12FEC0D}.Release|iPhoneSimulator.Build.0 = Release|Any CPU
	EndGlobalSection
	GlobalSection(SolutionProperties) = preSolution
		HideSolutionNode = FALSE
	EndGlobalSection
	GlobalSection(NestedProjects) = preSolution
		{8E7559B1-3C14-438D-9D71-D5656C20387E} = {1B143511-677C-4946-A201-C8D429A563A5}
		{83F339B2-8815-4479-ABA0-866962D44B10} = {1B143511-677C-4946-A201-C8D429A563A5}
		{36BF2F92-C0EF-4744-A345-C72C4215FAD4} = {761DF7FB-69F0-441D-B18F-B9803E48F6A5}
		{4DEFC4B0-15A4-4687-B3AE-FD0C97E54F59} = {A8D21D8F-F524-4E59-8176-A845757F0338}
		{203A5ABE-3B6C-42B3-8E6A-F3ADFC3F0886} = {A8D21D8F-F524-4E59-8176-A845757F0338}
		{761D8A83-0F07-4B54-AC27-114B5985EF9F} = {A8D21D8F-F524-4E59-8176-A845757F0338}
		{998ADB37-94D9-4CE9-AE13-51B4A4E6D8D2} = {203A5ABE-3B6C-42B3-8E6A-F3ADFC3F0886}
		{33DD4B54-6D3A-4AA3-8013-2E7455C50D01} = {4DEFC4B0-15A4-4687-B3AE-FD0C97E54F59}
		{97A124E3-6915-482D-B1AD-A68381A431D9} = {4DEFC4B0-15A4-4687-B3AE-FD0C97E54F59}
		{872B1CE1-79B0-44A9-B589-B4EA8C31CC06} = {203A5ABE-3B6C-42B3-8E6A-F3ADFC3F0886}
		{4A07FB39-D7D1-4B4D-941C-9A3D3D5C2CCD} = {4DEFC4B0-15A4-4687-B3AE-FD0C97E54F59}
		{13FA7562-58C6-4156-A6E6-04C43CF0F0BA} = {761DF7FB-69F0-441D-B18F-B9803E48F6A5}
		{3A693BF7-9747-4DC6-A0C8-84B6B33EFE38} = {13FA7562-58C6-4156-A6E6-04C43CF0F0BA}
		{75009AFA-7DA5-4A3D-AD02-C54455177C0F} = {13FA7562-58C6-4156-A6E6-04C43CF0F0BA}
		{D39DD147-9002-4444-84AA-9C05EA894F60} = {1B143511-677C-4946-A201-C8D429A563A5}
		{D35476C4-7936-4446-AA80-BEC7D641DF28} = {47EF2BFA-1BDD-45FD-BA01-B40ABC5D58E3}
		{CB2E5A24-FCED-4575-8465-FEA48791D3E5} = {761DF7FB-69F0-441D-B18F-B9803E48F6A5}
		{C52EE7AC-9E9A-4D34-BB17-2ECC7B758040} = {203A5ABE-3B6C-42B3-8E6A-F3ADFC3F0886}
		{BA527794-8833-4F4C-B7CD-7E608F0FB993} = {761DF7FB-69F0-441D-B18F-B9803E48F6A5}
		{C1749CF4-D178-4C9D-A972-5E9D3F11AD3C} = {1C30C95B-8A14-4699-99D9-988EA49F94E9}
		{F89EB4F3-BB7D-4BF1-A72A-C620B12FEC0D} = {47EF2BFA-1BDD-45FD-BA01-B40ABC5D58E3}
	EndGlobalSection
	GlobalSection(ExtensibilityGlobals) = postSolution
		SolutionGuid = {9FC3188C-A3C9-42FC-AF35-0CDCE91C707A}
	EndGlobalSection
EndGlobal
