
Microsoft Visual Studio Solution File, Format Version 12.00
# Visual Studio Version 16
VisualStudioVersion = 16.0.30523.141
MinimumVisualStudioVersion = 10.0.40219.1
Project("{9A19103F-16F7-4668-BE54-9A1E7A4F7556}") = "WebRTCme", "WebRTCme\WebRTCme.csproj", "{47CF7B0B-B7D4-48CC-86A1-68A52D059DF7}"
EndProject
Project("{2150E333-8FDC-42A3-9474-1A3956D46DE8}") = "Xamarin", "Xamarin", "{A779D425-8A47-4C76-B96B-C5F00E90C934}"
EndProject
Project("{2150E333-8FDC-42A3-9474-1A3956D46DE8}") = "WebRTCme.DemoApp", "WebRTCme.DemoApp", "{47EF2BFA-1BDD-45FD-BA01-B40ABC5D58E3}"
EndProject
Project("{9A19103F-16F7-4668-BE54-9A1E7A4F7556}") = "WebRTCme.Api", "WebRTCme.Api\WebRTCme.Api.csproj", "{78D9CB41-2BC4-4BB1-AA0B-68E141E64C10}"
EndProject
Project("{2150E333-8FDC-42A3-9474-1A3956D46DE8}") = "WebRTCme.Bindings", "WebRTCme.Bindings", "{761DF7FB-69F0-441D-B18F-B9803E48F6A5}"
EndProject
Project("{2150E333-8FDC-42A3-9474-1A3956D46DE8}") = "NuGet", "NuGet", "{A957C062-0BC5-42F0-86F9-4D04AD9E6BBD}"
	ProjectSection(SolutionItems) = preProject
		WebRTCme.Bindings\NuGet\WebRTCme.Bindings.nuspec = WebRTCme.Bindings\NuGet\WebRTCme.Bindings.nuspec
	EndProjectSection
EndProject
Project("{2150E333-8FDC-42A3-9474-1A3956D46DE8}") = "Xamarin", "Xamarin", "{5C0A0B6B-ADC0-4BC7-8F10-1F4D4DCCFC87}"
EndProject
Project("{2150E333-8FDC-42A3-9474-1A3956D46DE8}") = "WebRTCme.Middleware", "WebRTCme.Middleware", "{1B143511-677C-4946-A201-C8D429A563A5}"
EndProject
Project("{FAE04EC0-301F-11D3-BF4B-00C04F79EFBC}") = "WebRTCme.Bindings.Xamarin.Android", "WebRTCme.Bindings\Xamarin\WebRTCme.Bindings.Xamarin.Android\WebRTCme.Bindings.Xamarin.Android.csproj", "{5ACBD735-F68F-4699-A1E4-CC96660C045C}"
EndProject
Project("{FAE04EC0-301F-11D3-BF4B-00C04F79EFBC}") = "WebRTCme.Bindings.Xamarin.iOS", "WebRTCme.Bindings\Xamarin\WebRTCme.Bindings.Xamarin.iOS\WebRTCme.Bindings.Xamarin.iOS.csproj", "{25994A74-2A57-46DC-B6CA-999F9C5885A1}"
EndProject
Project("{9A19103F-16F7-4668-BE54-9A1E7A4F7556}") = "WebRTCme.Middleware.Xamarin", "WebRTCme.Middleware\WebRTCme.Middleware.Xamarin\WebRTCme.Middleware.Xamarin.csproj", "{FC0F9A4D-0D31-4930-A0CA-56D9CF55EFDF}"
EndProject
Project("{2150E333-8FDC-42A3-9474-1A3956D46DE8}") = "WebRTCme.BindingsAsync", "WebRTCme.BindingsAsync", "{9260AB56-054A-49D1-8354-F98AE59E5261}"
EndProject
Project("{2150E333-8FDC-42A3-9474-1A3956D46DE8}") = "WebRTCme.MiddlewareAsync", "WebRTCme.MiddlewareAsync", "{6CCE9BFB-495D-44F2-8FDC-24DED940FA48}"
EndProject
Project("{9A19103F-16F7-4668-BE54-9A1E7A4F7556}") = "WebRTCme.Bindings.Web", "WebRTCme.Bindings\WebRTCme.Bindings.Web\WebRTCme.Bindings.Web.csproj", "{B26BA470-5D29-4E74-A45C-D057AC9C29A8}"
EndProject
Project("{9A19103F-16F7-4668-BE54-9A1E7A4F7556}") = "WebRTCme.Middleware.Blazor", "WebRTCme.Middleware\WebRTCme.Midddleware.Blazor\WebRTCme.Middleware.Blazor.csproj", "{8E7559B1-3C14-438D-9D71-D5656C20387E}"
EndProject
Project("{9A19103F-16F7-4668-BE54-9A1E7A4F7556}") = "WebRTCme.DemoApp.Xamarin", "WebRTCme.DemoApp\Xamarin\WebRTCme.DemoApp.Xamarin\WebRTCme.DemoApp.Xamarin.csproj", "{68D2D99F-CE72-4EC6-BE84-64044277FE85}"
EndProject
Project("{FAE04EC0-301F-11D3-BF4B-00C04F79EFBC}") = "WebRTCme.DemoApp.Xamarin.Android", "WebRTCme.DemoApp\Xamarin\WebRTCme.DemoApp.Xamarin.Android\WebRTCme.DemoApp.Xamarin.Android.csproj", "{829B8C0C-D77B-4D32-92BF-04318DC0594F}"
EndProject
Project("{FAE04EC0-301F-11D3-BF4B-00C04F79EFBC}") = "WebRTCme.DemoApp.Xamarin.iOS", "WebRTCme.DemoApp\Xamarin\WebRTCme.DemoApp.Xamarin.iOS\WebRTCme.DemoApp.Xamarin.iOS.csproj", "{6A8E36FA-7CB0-431F-B22F-930F0793A1FF}"
EndProject
Project("{2150E333-8FDC-42A3-9474-1A3956D46DE8}") = "WebRTCme.Tests", "WebRTCme.Tests", "{2A778CE8-B41B-4AE0-A512-FB929E299FF4}"
EndProject
Project("{2150E333-8FDC-42A3-9474-1A3956D46DE8}") = "Blazor", "Blazor", "{03D85822-0AE1-4257-87CA-0616A6BD3298}"
EndProject
Project("{9A19103F-16F7-4668-BE54-9A1E7A4F7556}") = "WebRTCme.DemoApp.Blazor.Server", "WebRTCme.DemoApp\Blazor\WebRTCme.DemoApp.Blazor.Server\WebRTCme.DemoApp.Blazor.Server.csproj", "{8C61814F-89E3-4572-9BD3-81F1BD5B59E2}"
EndProject
Project("{9A19103F-16F7-4668-BE54-9A1E7A4F7556}") = "WebRTCme.DemoApp.Blazor.Wasm", "WebRTCme.DemoApp\Blazor\WebRTCMe.DemoApp.Blazor.Wasm\WebRTCme.DemoApp.Blazor.Wasm.csproj", "{A05CAB40-F47D-45D9-999D-9D26210EF82A}"
EndProject
Project("{9A19103F-16F7-4668-BE54-9A1E7A4F7556}") = "WebRTCme.Tests.E2EWebApiTests", "WebRTCme.Tests\WebRTCme.Tests.E2EWebApiTests\WebRTCme.Tests.E2EWebApiTests.csproj", "{2E983BCB-4248-427F-86A0-6C44DE0B8FA6}"
EndProject
Project("{9A19103F-16F7-4668-BE54-9A1E7A4F7556}") = "WebRTCme.MiddlewareAsync.Blazor", "WebRTCme.MiddlewareAsync\WebRTCme.MiddlewareAsync.Blazor\WebRTCme.MiddlewareAsync.Blazor.csproj", "{F49B78D9-4A21-42F8-8894-36ED83B20AD8}"
EndProject
Project("{9A19103F-16F7-4668-BE54-9A1E7A4F7556}") = "WebRTCmeAsync", "WebRTCmeAsync\WebRTCmeAsync.csproj", "{12C6101A-45B6-4FCC-AB41-4A42645A2578}"
EndProject
Project("{9A19103F-16F7-4668-BE54-9A1E7A4F7556}") = "WebRTCme.BindingsAsync.Web", "WebRTCme.BindingsAsync\WebRTCme.BindingsAsync.Web\WebRTCme.BindingsAsync.Web.csproj", "{B828BC93-F0B8-4F75-9EFA-66D39C3733FD}"
EndProject
Project("{9A19103F-16F7-4668-BE54-9A1E7A4F7556}") = "WebRTCme.SignallingServer", "WebRTCme.SignallingServer\WebRTCme.SignallingServer.csproj", "{9A7FDC23-8453-4A6F-ADEF-BB321D80D5E4}"
EndProject
Project("{9A19103F-16F7-4668-BE54-9A1E7A4F7556}") = "WebRTCme.SignallingServerClient", "WebRTCme.SignallingServerClient\WebRTCme.SignallingServerClient.csproj", "{BC93F6DE-DB0B-40C2-8B72-4F75C25AE908}"
EndProject
Global
	GlobalSection(SolutionConfigurationPlatforms) = preSolution
		Debug|Any CPU = Debug|Any CPU
		Debug|iPhone = Debug|iPhone
		Debug|iPhoneSimulator = Debug|iPhoneSimulator
		Release|Any CPU = Release|Any CPU
		Release|iPhone = Release|iPhone
		Release|iPhoneSimulator = Release|iPhoneSimulator
	EndGlobalSection
	GlobalSection(ProjectConfigurationPlatforms) = postSolution
		{47CF7B0B-B7D4-48CC-86A1-68A52D059DF7}.Debug|Any CPU.ActiveCfg = Debug|Any CPU
		{47CF7B0B-B7D4-48CC-86A1-68A52D059DF7}.Debug|Any CPU.Build.0 = Debug|Any CPU
		{47CF7B0B-B7D4-48CC-86A1-68A52D059DF7}.Debug|iPhone.ActiveCfg = Debug|Any CPU
		{47CF7B0B-B7D4-48CC-86A1-68A52D059DF7}.Debug|iPhone.Build.0 = Debug|Any CPU
		{47CF7B0B-B7D4-48CC-86A1-68A52D059DF7}.Debug|iPhoneSimulator.ActiveCfg = Debug|Any CPU
		{47CF7B0B-B7D4-48CC-86A1-68A52D059DF7}.Debug|iPhoneSimulator.Build.0 = Debug|Any CPU
		{47CF7B0B-B7D4-48CC-86A1-68A52D059DF7}.Release|Any CPU.ActiveCfg = Release|Any CPU
		{47CF7B0B-B7D4-48CC-86A1-68A52D059DF7}.Release|Any CPU.Build.0 = Release|Any CPU
		{47CF7B0B-B7D4-48CC-86A1-68A52D059DF7}.Release|iPhone.ActiveCfg = Release|Any CPU
		{47CF7B0B-B7D4-48CC-86A1-68A52D059DF7}.Release|iPhone.Build.0 = Release|Any CPU
		{47CF7B0B-B7D4-48CC-86A1-68A52D059DF7}.Release|iPhoneSimulator.ActiveCfg = Release|Any CPU
		{47CF7B0B-B7D4-48CC-86A1-68A52D059DF7}.Release|iPhoneSimulator.Build.0 = Release|Any CPU
		{78D9CB41-2BC4-4BB1-AA0B-68E141E64C10}.Debug|Any CPU.ActiveCfg = Debug|Any CPU
		{78D9CB41-2BC4-4BB1-AA0B-68E141E64C10}.Debug|Any CPU.Build.0 = Debug|Any CPU
		{78D9CB41-2BC4-4BB1-AA0B-68E141E64C10}.Debug|iPhone.ActiveCfg = Debug|Any CPU
		{78D9CB41-2BC4-4BB1-AA0B-68E141E64C10}.Debug|iPhone.Build.0 = Debug|Any CPU
		{78D9CB41-2BC4-4BB1-AA0B-68E141E64C10}.Debug|iPhoneSimulator.ActiveCfg = Debug|Any CPU
		{78D9CB41-2BC4-4BB1-AA0B-68E141E64C10}.Debug|iPhoneSimulator.Build.0 = Debug|Any CPU
		{78D9CB41-2BC4-4BB1-AA0B-68E141E64C10}.Release|Any CPU.ActiveCfg = Release|Any CPU
		{78D9CB41-2BC4-4BB1-AA0B-68E141E64C10}.Release|Any CPU.Build.0 = Release|Any CPU
		{78D9CB41-2BC4-4BB1-AA0B-68E141E64C10}.Release|iPhone.ActiveCfg = Release|Any CPU
		{78D9CB41-2BC4-4BB1-AA0B-68E141E64C10}.Release|iPhone.Build.0 = Release|Any CPU
		{78D9CB41-2BC4-4BB1-AA0B-68E141E64C10}.Release|iPhoneSimulator.ActiveCfg = Release|Any CPU
		{78D9CB41-2BC4-4BB1-AA0B-68E141E64C10}.Release|iPhoneSimulator.Build.0 = Release|Any CPU
		{5ACBD735-F68F-4699-A1E4-CC96660C045C}.Debug|Any CPU.ActiveCfg = Debug|Any CPU
		{5ACBD735-F68F-4699-A1E4-CC96660C045C}.Debug|Any CPU.Build.0 = Debug|Any CPU
		{5ACBD735-F68F-4699-A1E4-CC96660C045C}.Debug|iPhone.ActiveCfg = Debug|Any CPU
		{5ACBD735-F68F-4699-A1E4-CC96660C045C}.Debug|iPhone.Build.0 = Debug|Any CPU
		{5ACBD735-F68F-4699-A1E4-CC96660C045C}.Debug|iPhoneSimulator.ActiveCfg = Debug|Any CPU
		{5ACBD735-F68F-4699-A1E4-CC96660C045C}.Debug|iPhoneSimulator.Build.0 = Debug|Any CPU
		{5ACBD735-F68F-4699-A1E4-CC96660C045C}.Release|Any CPU.ActiveCfg = Release|Any CPU
		{5ACBD735-F68F-4699-A1E4-CC96660C045C}.Release|Any CPU.Build.0 = Release|Any CPU
		{5ACBD735-F68F-4699-A1E4-CC96660C045C}.Release|iPhone.ActiveCfg = Release|Any CPU
		{5ACBD735-F68F-4699-A1E4-CC96660C045C}.Release|iPhone.Build.0 = Release|Any CPU
		{5ACBD735-F68F-4699-A1E4-CC96660C045C}.Release|iPhoneSimulator.ActiveCfg = Release|Any CPU
		{5ACBD735-F68F-4699-A1E4-CC96660C045C}.Release|iPhoneSimulator.Build.0 = Release|Any CPU
		{25994A74-2A57-46DC-B6CA-999F9C5885A1}.Debug|Any CPU.ActiveCfg = Debug|Any CPU
		{25994A74-2A57-46DC-B6CA-999F9C5885A1}.Debug|Any CPU.Build.0 = Debug|Any CPU
		{25994A74-2A57-46DC-B6CA-999F9C5885A1}.Debug|iPhone.ActiveCfg = Debug|Any CPU
		{25994A74-2A57-46DC-B6CA-999F9C5885A1}.Debug|iPhone.Build.0 = Debug|Any CPU
		{25994A74-2A57-46DC-B6CA-999F9C5885A1}.Debug|iPhoneSimulator.ActiveCfg = Debug|Any CPU
		{25994A74-2A57-46DC-B6CA-999F9C5885A1}.Debug|iPhoneSimulator.Build.0 = Debug|Any CPU
		{25994A74-2A57-46DC-B6CA-999F9C5885A1}.Release|Any CPU.ActiveCfg = Release|Any CPU
		{25994A74-2A57-46DC-B6CA-999F9C5885A1}.Release|Any CPU.Build.0 = Release|Any CPU
		{25994A74-2A57-46DC-B6CA-999F9C5885A1}.Release|iPhone.ActiveCfg = Release|Any CPU
		{25994A74-2A57-46DC-B6CA-999F9C5885A1}.Release|iPhone.Build.0 = Release|Any CPU
		{25994A74-2A57-46DC-B6CA-999F9C5885A1}.Release|iPhoneSimulator.ActiveCfg = Release|Any CPU
		{25994A74-2A57-46DC-B6CA-999F9C5885A1}.Release|iPhoneSimulator.Build.0 = Release|Any CPU
		{FC0F9A4D-0D31-4930-A0CA-56D9CF55EFDF}.Debug|Any CPU.ActiveCfg = Debug|Any CPU
		{FC0F9A4D-0D31-4930-A0CA-56D9CF55EFDF}.Debug|Any CPU.Build.0 = Debug|Any CPU
		{FC0F9A4D-0D31-4930-A0CA-56D9CF55EFDF}.Debug|iPhone.ActiveCfg = Debug|Any CPU
		{FC0F9A4D-0D31-4930-A0CA-56D9CF55EFDF}.Debug|iPhone.Build.0 = Debug|Any CPU
		{FC0F9A4D-0D31-4930-A0CA-56D9CF55EFDF}.Debug|iPhoneSimulator.ActiveCfg = Debug|Any CPU
		{FC0F9A4D-0D31-4930-A0CA-56D9CF55EFDF}.Debug|iPhoneSimulator.Build.0 = Debug|Any CPU
		{FC0F9A4D-0D31-4930-A0CA-56D9CF55EFDF}.Release|Any CPU.ActiveCfg = Release|Any CPU
		{FC0F9A4D-0D31-4930-A0CA-56D9CF55EFDF}.Release|Any CPU.Build.0 = Release|Any CPU
		{FC0F9A4D-0D31-4930-A0CA-56D9CF55EFDF}.Release|iPhone.ActiveCfg = Release|Any CPU
		{FC0F9A4D-0D31-4930-A0CA-56D9CF55EFDF}.Release|iPhone.Build.0 = Release|Any CPU
		{FC0F9A4D-0D31-4930-A0CA-56D9CF55EFDF}.Release|iPhoneSimulator.ActiveCfg = Release|Any CPU
		{FC0F9A4D-0D31-4930-A0CA-56D9CF55EFDF}.Release|iPhoneSimulator.Build.0 = Release|Any CPU
		{B26BA470-5D29-4E74-A45C-D057AC9C29A8}.Debug|Any CPU.ActiveCfg = Debug|Any CPU
		{B26BA470-5D29-4E74-A45C-D057AC9C29A8}.Debug|Any CPU.Build.0 = Debug|Any CPU
		{B26BA470-5D29-4E74-A45C-D057AC9C29A8}.Debug|iPhone.ActiveCfg = Debug|Any CPU
		{B26BA470-5D29-4E74-A45C-D057AC9C29A8}.Debug|iPhone.Build.0 = Debug|Any CPU
		{B26BA470-5D29-4E74-A45C-D057AC9C29A8}.Debug|iPhoneSimulator.ActiveCfg = Debug|Any CPU
		{B26BA470-5D29-4E74-A45C-D057AC9C29A8}.Debug|iPhoneSimulator.Build.0 = Debug|Any CPU
		{B26BA470-5D29-4E74-A45C-D057AC9C29A8}.Release|Any CPU.ActiveCfg = Release|Any CPU
		{B26BA470-5D29-4E74-A45C-D057AC9C29A8}.Release|Any CPU.Build.0 = Release|Any CPU
		{B26BA470-5D29-4E74-A45C-D057AC9C29A8}.Release|iPhone.ActiveCfg = Release|Any CPU
		{B26BA470-5D29-4E74-A45C-D057AC9C29A8}.Release|iPhone.Build.0 = Release|Any CPU
		{B26BA470-5D29-4E74-A45C-D057AC9C29A8}.Release|iPhoneSimulator.ActiveCfg = Release|Any CPU
		{B26BA470-5D29-4E74-A45C-D057AC9C29A8}.Release|iPhoneSimulator.Build.0 = Release|Any CPU
		{8E7559B1-3C14-438D-9D71-D5656C20387E}.Debug|Any CPU.ActiveCfg = Debug|Any CPU
		{8E7559B1-3C14-438D-9D71-D5656C20387E}.Debug|Any CPU.Build.0 = Debug|Any CPU
		{8E7559B1-3C14-438D-9D71-D5656C20387E}.Debug|iPhone.ActiveCfg = Debug|Any CPU
		{8E7559B1-3C14-438D-9D71-D5656C20387E}.Debug|iPhone.Build.0 = Debug|Any CPU
		{8E7559B1-3C14-438D-9D71-D5656C20387E}.Debug|iPhoneSimulator.ActiveCfg = Debug|Any CPU
		{8E7559B1-3C14-438D-9D71-D5656C20387E}.Debug|iPhoneSimulator.Build.0 = Debug|Any CPU
		{8E7559B1-3C14-438D-9D71-D5656C20387E}.Release|Any CPU.ActiveCfg = Release|Any CPU
		{8E7559B1-3C14-438D-9D71-D5656C20387E}.Release|Any CPU.Build.0 = Release|Any CPU
		{8E7559B1-3C14-438D-9D71-D5656C20387E}.Release|iPhone.ActiveCfg = Release|Any CPU
		{8E7559B1-3C14-438D-9D71-D5656C20387E}.Release|iPhone.Build.0 = Release|Any CPU
		{8E7559B1-3C14-438D-9D71-D5656C20387E}.Release|iPhoneSimulator.ActiveCfg = Release|Any CPU
		{8E7559B1-3C14-438D-9D71-D5656C20387E}.Release|iPhoneSimulator.Build.0 = Release|Any CPU
		{68D2D99F-CE72-4EC6-BE84-64044277FE85}.Debug|Any CPU.ActiveCfg = Debug|Any CPU
		{68D2D99F-CE72-4EC6-BE84-64044277FE85}.Debug|Any CPU.Build.0 = Debug|Any CPU
		{68D2D99F-CE72-4EC6-BE84-64044277FE85}.Debug|iPhone.ActiveCfg = Debug|Any CPU
		{68D2D99F-CE72-4EC6-BE84-64044277FE85}.Debug|iPhone.Build.0 = Debug|Any CPU
		{68D2D99F-CE72-4EC6-BE84-64044277FE85}.Debug|iPhoneSimulator.ActiveCfg = Debug|Any CPU
		{68D2D99F-CE72-4EC6-BE84-64044277FE85}.Debug|iPhoneSimulator.Build.0 = Debug|Any CPU
		{68D2D99F-CE72-4EC6-BE84-64044277FE85}.Release|Any CPU.ActiveCfg = Release|Any CPU
		{68D2D99F-CE72-4EC6-BE84-64044277FE85}.Release|Any CPU.Build.0 = Release|Any CPU
		{68D2D99F-CE72-4EC6-BE84-64044277FE85}.Release|iPhone.ActiveCfg = Release|Any CPU
		{68D2D99F-CE72-4EC6-BE84-64044277FE85}.Release|iPhone.Build.0 = Release|Any CPU
		{68D2D99F-CE72-4EC6-BE84-64044277FE85}.Release|iPhoneSimulator.ActiveCfg = Release|Any CPU
		{68D2D99F-CE72-4EC6-BE84-64044277FE85}.Release|iPhoneSimulator.Build.0 = Release|Any CPU
		{829B8C0C-D77B-4D32-92BF-04318DC0594F}.Debug|Any CPU.ActiveCfg = Debug|Any CPU
		{829B8C0C-D77B-4D32-92BF-04318DC0594F}.Debug|Any CPU.Build.0 = Debug|Any CPU
		{829B8C0C-D77B-4D32-92BF-04318DC0594F}.Debug|Any CPU.Deploy.0 = Debug|Any CPU
		{829B8C0C-D77B-4D32-92BF-04318DC0594F}.Debug|iPhone.ActiveCfg = Debug|Any CPU
		{829B8C0C-D77B-4D32-92BF-04318DC0594F}.Debug|iPhone.Build.0 = Debug|Any CPU
		{829B8C0C-D77B-4D32-92BF-04318DC0594F}.Debug|iPhone.Deploy.0 = Debug|Any CPU
		{829B8C0C-D77B-4D32-92BF-04318DC0594F}.Debug|iPhoneSimulator.ActiveCfg = Debug|Any CPU
		{829B8C0C-D77B-4D32-92BF-04318DC0594F}.Debug|iPhoneSimulator.Build.0 = Debug|Any CPU
		{829B8C0C-D77B-4D32-92BF-04318DC0594F}.Debug|iPhoneSimulator.Deploy.0 = Debug|Any CPU
		{829B8C0C-D77B-4D32-92BF-04318DC0594F}.Release|Any CPU.ActiveCfg = Release|Any CPU
		{829B8C0C-D77B-4D32-92BF-04318DC0594F}.Release|Any CPU.Build.0 = Release|Any CPU
		{829B8C0C-D77B-4D32-92BF-04318DC0594F}.Release|Any CPU.Deploy.0 = Release|Any CPU
		{829B8C0C-D77B-4D32-92BF-04318DC0594F}.Release|iPhone.ActiveCfg = Release|Any CPU
		{829B8C0C-D77B-4D32-92BF-04318DC0594F}.Release|iPhone.Build.0 = Release|Any CPU
		{829B8C0C-D77B-4D32-92BF-04318DC0594F}.Release|iPhone.Deploy.0 = Release|Any CPU
		{829B8C0C-D77B-4D32-92BF-04318DC0594F}.Release|iPhoneSimulator.ActiveCfg = Release|Any CPU
		{829B8C0C-D77B-4D32-92BF-04318DC0594F}.Release|iPhoneSimulator.Build.0 = Release|Any CPU
		{829B8C0C-D77B-4D32-92BF-04318DC0594F}.Release|iPhoneSimulator.Deploy.0 = Release|Any CPU
		{6A8E36FA-7CB0-431F-B22F-930F0793A1FF}.Debug|Any CPU.ActiveCfg = Debug|iPhoneSimulator
		{6A8E36FA-7CB0-431F-B22F-930F0793A1FF}.Debug|iPhone.ActiveCfg = Debug|iPhone
		{6A8E36FA-7CB0-431F-B22F-930F0793A1FF}.Debug|iPhone.Build.0 = Debug|iPhone
		{6A8E36FA-7CB0-431F-B22F-930F0793A1FF}.Debug|iPhone.Deploy.0 = Debug|iPhone
		{6A8E36FA-7CB0-431F-B22F-930F0793A1FF}.Debug|iPhoneSimulator.ActiveCfg = Debug|iPhoneSimulator
		{6A8E36FA-7CB0-431F-B22F-930F0793A1FF}.Debug|iPhoneSimulator.Build.0 = Debug|iPhoneSimulator
		{6A8E36FA-7CB0-431F-B22F-930F0793A1FF}.Release|Any CPU.ActiveCfg = Release|iPhoneSimulator
		{6A8E36FA-7CB0-431F-B22F-930F0793A1FF}.Release|iPhone.ActiveCfg = Release|iPhone
		{6A8E36FA-7CB0-431F-B22F-930F0793A1FF}.Release|iPhone.Build.0 = Release|iPhone
		{6A8E36FA-7CB0-431F-B22F-930F0793A1FF}.Release|iPhoneSimulator.ActiveCfg = Release|iPhoneSimulator
		{6A8E36FA-7CB0-431F-B22F-930F0793A1FF}.Release|iPhoneSimulator.Build.0 = Release|iPhoneSimulator
		{8C61814F-89E3-4572-9BD3-81F1BD5B59E2}.Debug|Any CPU.ActiveCfg = Debug|Any CPU
		{8C61814F-89E3-4572-9BD3-81F1BD5B59E2}.Debug|Any CPU.Build.0 = Debug|Any CPU
		{8C61814F-89E3-4572-9BD3-81F1BD5B59E2}.Debug|iPhone.ActiveCfg = Debug|Any CPU
		{8C61814F-89E3-4572-9BD3-81F1BD5B59E2}.Debug|iPhone.Build.0 = Debug|Any CPU
		{8C61814F-89E3-4572-9BD3-81F1BD5B59E2}.Debug|iPhoneSimulator.ActiveCfg = Debug|Any CPU
		{8C61814F-89E3-4572-9BD3-81F1BD5B59E2}.Debug|iPhoneSimulator.Build.0 = Debug|Any CPU
		{8C61814F-89E3-4572-9BD3-81F1BD5B59E2}.Release|Any CPU.ActiveCfg = Release|Any CPU
		{8C61814F-89E3-4572-9BD3-81F1BD5B59E2}.Release|Any CPU.Build.0 = Release|Any CPU
		{8C61814F-89E3-4572-9BD3-81F1BD5B59E2}.Release|iPhone.ActiveCfg = Release|Any CPU
		{8C61814F-89E3-4572-9BD3-81F1BD5B59E2}.Release|iPhone.Build.0 = Release|Any CPU
		{8C61814F-89E3-4572-9BD3-81F1BD5B59E2}.Release|iPhoneSimulator.ActiveCfg = Release|Any CPU
		{8C61814F-89E3-4572-9BD3-81F1BD5B59E2}.Release|iPhoneSimulator.Build.0 = Release|Any CPU
		{A05CAB40-F47D-45D9-999D-9D26210EF82A}.Debug|Any CPU.ActiveCfg = Debug|Any CPU
		{A05CAB40-F47D-45D9-999D-9D26210EF82A}.Debug|Any CPU.Build.0 = Debug|Any CPU
		{A05CAB40-F47D-45D9-999D-9D26210EF82A}.Debug|iPhone.ActiveCfg = Debug|Any CPU
		{A05CAB40-F47D-45D9-999D-9D26210EF82A}.Debug|iPhone.Build.0 = Debug|Any CPU
		{A05CAB40-F47D-45D9-999D-9D26210EF82A}.Debug|iPhoneSimulator.ActiveCfg = Debug|Any CPU
		{A05CAB40-F47D-45D9-999D-9D26210EF82A}.Debug|iPhoneSimulator.Build.0 = Debug|Any CPU
		{A05CAB40-F47D-45D9-999D-9D26210EF82A}.Release|Any CPU.ActiveCfg = Release|Any CPU
		{A05CAB40-F47D-45D9-999D-9D26210EF82A}.Release|Any CPU.Build.0 = Release|Any CPU
		{A05CAB40-F47D-45D9-999D-9D26210EF82A}.Release|iPhone.ActiveCfg = Release|Any CPU
		{A05CAB40-F47D-45D9-999D-9D26210EF82A}.Release|iPhone.Build.0 = Release|Any CPU
		{A05CAB40-F47D-45D9-999D-9D26210EF82A}.Release|iPhoneSimulator.ActiveCfg = Release|Any CPU
		{A05CAB40-F47D-45D9-999D-9D26210EF82A}.Release|iPhoneSimulator.Build.0 = Release|Any CPU
		{2E983BCB-4248-427F-86A0-6C44DE0B8FA6}.Debug|Any CPU.ActiveCfg = Debug|Any CPU
		{2E983BCB-4248-427F-86A0-6C44DE0B8FA6}.Debug|Any CPU.Build.0 = Debug|Any CPU
		{2E983BCB-4248-427F-86A0-6C44DE0B8FA6}.Debug|iPhone.ActiveCfg = Debug|Any CPU
		{2E983BCB-4248-427F-86A0-6C44DE0B8FA6}.Debug|iPhone.Build.0 = Debug|Any CPU
		{2E983BCB-4248-427F-86A0-6C44DE0B8FA6}.Debug|iPhoneSimulator.ActiveCfg = Debug|Any CPU
		{2E983BCB-4248-427F-86A0-6C44DE0B8FA6}.Debug|iPhoneSimulator.Build.0 = Debug|Any CPU
		{2E983BCB-4248-427F-86A0-6C44DE0B8FA6}.Release|Any CPU.ActiveCfg = Release|Any CPU
		{2E983BCB-4248-427F-86A0-6C44DE0B8FA6}.Release|Any CPU.Build.0 = Release|Any CPU
		{2E983BCB-4248-427F-86A0-6C44DE0B8FA6}.Release|iPhone.ActiveCfg = Release|Any CPU
		{2E983BCB-4248-427F-86A0-6C44DE0B8FA6}.Release|iPhone.Build.0 = Release|Any CPU
		{2E983BCB-4248-427F-86A0-6C44DE0B8FA6}.Release|iPhoneSimulator.ActiveCfg = Release|Any CPU
		{2E983BCB-4248-427F-86A0-6C44DE0B8FA6}.Release|iPhoneSimulator.Build.0 = Release|Any CPU
		{F49B78D9-4A21-42F8-8894-36ED83B20AD8}.Debug|Any CPU.ActiveCfg = Debug|Any CPU
		{F49B78D9-4A21-42F8-8894-36ED83B20AD8}.Debug|Any CPU.Build.0 = Debug|Any CPU
		{F49B78D9-4A21-42F8-8894-36ED83B20AD8}.Debug|iPhone.ActiveCfg = Debug|Any CPU
		{F49B78D9-4A21-42F8-8894-36ED83B20AD8}.Debug|iPhone.Build.0 = Debug|Any CPU
		{F49B78D9-4A21-42F8-8894-36ED83B20AD8}.Debug|iPhoneSimulator.ActiveCfg = Debug|Any CPU
		{F49B78D9-4A21-42F8-8894-36ED83B20AD8}.Debug|iPhoneSimulator.Build.0 = Debug|Any CPU
		{F49B78D9-4A21-42F8-8894-36ED83B20AD8}.Release|Any CPU.ActiveCfg = Release|Any CPU
		{F49B78D9-4A21-42F8-8894-36ED83B20AD8}.Release|Any CPU.Build.0 = Release|Any CPU
		{F49B78D9-4A21-42F8-8894-36ED83B20AD8}.Release|iPhone.ActiveCfg = Release|Any CPU
		{F49B78D9-4A21-42F8-8894-36ED83B20AD8}.Release|iPhone.Build.0 = Release|Any CPU
		{F49B78D9-4A21-42F8-8894-36ED83B20AD8}.Release|iPhoneSimulator.ActiveCfg = Release|Any CPU
		{F49B78D9-4A21-42F8-8894-36ED83B20AD8}.Release|iPhoneSimulator.Build.0 = Release|Any CPU
		{12C6101A-45B6-4FCC-AB41-4A42645A2578}.Debug|Any CPU.ActiveCfg = Debug|Any CPU
		{12C6101A-45B6-4FCC-AB41-4A42645A2578}.Debug|Any CPU.Build.0 = Debug|Any CPU
		{12C6101A-45B6-4FCC-AB41-4A42645A2578}.Debug|iPhone.ActiveCfg = Debug|Any CPU
		{12C6101A-45B6-4FCC-AB41-4A42645A2578}.Debug|iPhone.Build.0 = Debug|Any CPU
		{12C6101A-45B6-4FCC-AB41-4A42645A2578}.Debug|iPhoneSimulator.ActiveCfg = Debug|Any CPU
		{12C6101A-45B6-4FCC-AB41-4A42645A2578}.Debug|iPhoneSimulator.Build.0 = Debug|Any CPU
		{12C6101A-45B6-4FCC-AB41-4A42645A2578}.Release|Any CPU.ActiveCfg = Release|Any CPU
		{12C6101A-45B6-4FCC-AB41-4A42645A2578}.Release|Any CPU.Build.0 = Release|Any CPU
		{12C6101A-45B6-4FCC-AB41-4A42645A2578}.Release|iPhone.ActiveCfg = Release|Any CPU
		{12C6101A-45B6-4FCC-AB41-4A42645A2578}.Release|iPhone.Build.0 = Release|Any CPU
		{12C6101A-45B6-4FCC-AB41-4A42645A2578}.Release|iPhoneSimulator.ActiveCfg = Release|Any CPU
		{12C6101A-45B6-4FCC-AB41-4A42645A2578}.Release|iPhoneSimulator.Build.0 = Release|Any CPU
		{B828BC93-F0B8-4F75-9EFA-66D39C3733FD}.Debug|Any CPU.ActiveCfg = Debug|Any CPU
		{B828BC93-F0B8-4F75-9EFA-66D39C3733FD}.Debug|Any CPU.Build.0 = Debug|Any CPU
		{B828BC93-F0B8-4F75-9EFA-66D39C3733FD}.Debug|iPhone.ActiveCfg = Debug|Any CPU
		{B828BC93-F0B8-4F75-9EFA-66D39C3733FD}.Debug|iPhone.Build.0 = Debug|Any CPU
		{B828BC93-F0B8-4F75-9EFA-66D39C3733FD}.Debug|iPhoneSimulator.ActiveCfg = Debug|Any CPU
		{B828BC93-F0B8-4F75-9EFA-66D39C3733FD}.Debug|iPhoneSimulator.Build.0 = Debug|Any CPU
		{B828BC93-F0B8-4F75-9EFA-66D39C3733FD}.Release|Any CPU.ActiveCfg = Release|Any CPU
		{B828BC93-F0B8-4F75-9EFA-66D39C3733FD}.Release|Any CPU.Build.0 = Release|Any CPU
		{B828BC93-F0B8-4F75-9EFA-66D39C3733FD}.Release|iPhone.ActiveCfg = Release|Any CPU
		{B828BC93-F0B8-4F75-9EFA-66D39C3733FD}.Release|iPhone.Build.0 = Release|Any CPU
		{B828BC93-F0B8-4F75-9EFA-66D39C3733FD}.Release|iPhoneSimulator.ActiveCfg = Release|Any CPU
		{B828BC93-F0B8-4F75-9EFA-66D39C3733FD}.Release|iPhoneSimulator.Build.0 = Release|Any CPU
		{9A7FDC23-8453-4A6F-ADEF-BB321D80D5E4}.Debug|Any CPU.ActiveCfg = Debug|Any CPU
		{9A7FDC23-8453-4A6F-ADEF-BB321D80D5E4}.Debug|Any CPU.Build.0 = Debug|Any CPU
		{9A7FDC23-8453-4A6F-ADEF-BB321D80D5E4}.Debug|iPhone.ActiveCfg = Debug|Any CPU
		{9A7FDC23-8453-4A6F-ADEF-BB321D80D5E4}.Debug|iPhone.Build.0 = Debug|Any CPU
		{9A7FDC23-8453-4A6F-ADEF-BB321D80D5E4}.Debug|iPhoneSimulator.ActiveCfg = Debug|Any CPU
		{9A7FDC23-8453-4A6F-ADEF-BB321D80D5E4}.Debug|iPhoneSimulator.Build.0 = Debug|Any CPU
		{9A7FDC23-8453-4A6F-ADEF-BB321D80D5E4}.Release|Any CPU.ActiveCfg = Release|Any CPU
		{9A7FDC23-8453-4A6F-ADEF-BB321D80D5E4}.Release|Any CPU.Build.0 = Release|Any CPU
		{9A7FDC23-8453-4A6F-ADEF-BB321D80D5E4}.Release|iPhone.ActiveCfg = Release|Any CPU
		{9A7FDC23-8453-4A6F-ADEF-BB321D80D5E4}.Release|iPhone.Build.0 = Release|Any CPU
		{9A7FDC23-8453-4A6F-ADEF-BB321D80D5E4}.Release|iPhoneSimulator.ActiveCfg = Release|Any CPU
		{9A7FDC23-8453-4A6F-ADEF-BB321D80D5E4}.Release|iPhoneSimulator.Build.0 = Release|Any CPU
		{BC93F6DE-DB0B-40C2-8B72-4F75C25AE908}.Debug|Any CPU.ActiveCfg = Debug|Any CPU
		{BC93F6DE-DB0B-40C2-8B72-4F75C25AE908}.Debug|Any CPU.Build.0 = Debug|Any CPU
		{BC93F6DE-DB0B-40C2-8B72-4F75C25AE908}.Debug|iPhone.ActiveCfg = Debug|Any CPU
		{BC93F6DE-DB0B-40C2-8B72-4F75C25AE908}.Debug|iPhone.Build.0 = Debug|Any CPU
		{BC93F6DE-DB0B-40C2-8B72-4F75C25AE908}.Debug|iPhoneSimulator.ActiveCfg = Debug|Any CPU
		{BC93F6DE-DB0B-40C2-8B72-4F75C25AE908}.Debug|iPhoneSimulator.Build.0 = Debug|Any CPU
		{BC93F6DE-DB0B-40C2-8B72-4F75C25AE908}.Release|Any CPU.ActiveCfg = Release|Any CPU
		{BC93F6DE-DB0B-40C2-8B72-4F75C25AE908}.Release|Any CPU.Build.0 = Release|Any CPU
		{BC93F6DE-DB0B-40C2-8B72-4F75C25AE908}.Release|iPhone.ActiveCfg = Release|Any CPU
		{BC93F6DE-DB0B-40C2-8B72-4F75C25AE908}.Release|iPhone.Build.0 = Release|Any CPU
		{BC93F6DE-DB0B-40C2-8B72-4F75C25AE908}.Release|iPhoneSimulator.ActiveCfg = Release|Any CPU
		{BC93F6DE-DB0B-40C2-8B72-4F75C25AE908}.Release|iPhoneSimulator.Build.0 = Release|Any CPU
	EndGlobalSection
	GlobalSection(SolutionProperties) = preSolution
		HideSolutionNode = FALSE
	EndGlobalSection
	GlobalSection(NestedProjects) = preSolution
		{A779D425-8A47-4C76-B96B-C5F00E90C934} = {47EF2BFA-1BDD-45FD-BA01-B40ABC5D58E3}
		{A957C062-0BC5-42F0-86F9-4D04AD9E6BBD} = {761DF7FB-69F0-441D-B18F-B9803E48F6A5}
		{5C0A0B6B-ADC0-4BC7-8F10-1F4D4DCCFC87} = {761DF7FB-69F0-441D-B18F-B9803E48F6A5}
		{5ACBD735-F68F-4699-A1E4-CC96660C045C} = {5C0A0B6B-ADC0-4BC7-8F10-1F4D4DCCFC87}
		{25994A74-2A57-46DC-B6CA-999F9C5885A1} = {5C0A0B6B-ADC0-4BC7-8F10-1F4D4DCCFC87}
		{FC0F9A4D-0D31-4930-A0CA-56D9CF55EFDF} = {1B143511-677C-4946-A201-C8D429A563A5}
		{B26BA470-5D29-4E74-A45C-D057AC9C29A8} = {761DF7FB-69F0-441D-B18F-B9803E48F6A5}
		{8E7559B1-3C14-438D-9D71-D5656C20387E} = {1B143511-677C-4946-A201-C8D429A563A5}
		{68D2D99F-CE72-4EC6-BE84-64044277FE85} = {A779D425-8A47-4C76-B96B-C5F00E90C934}
		{829B8C0C-D77B-4D32-92BF-04318DC0594F} = {A779D425-8A47-4C76-B96B-C5F00E90C934}
		{6A8E36FA-7CB0-431F-B22F-930F0793A1FF} = {A779D425-8A47-4C76-B96B-C5F00E90C934}
		{03D85822-0AE1-4257-87CA-0616A6BD3298} = {47EF2BFA-1BDD-45FD-BA01-B40ABC5D58E3}
		{8C61814F-89E3-4572-9BD3-81F1BD5B59E2} = {03D85822-0AE1-4257-87CA-0616A6BD3298}
		{A05CAB40-F47D-45D9-999D-9D26210EF82A} = {03D85822-0AE1-4257-87CA-0616A6BD3298}
		{2E983BCB-4248-427F-86A0-6C44DE0B8FA6} = {2A778CE8-B41B-4AE0-A512-FB929E299FF4}
		{F49B78D9-4A21-42F8-8894-36ED83B20AD8} = {6CCE9BFB-495D-44F2-8FDC-24DED940FA48}
		{B828BC93-F0B8-4F75-9EFA-66D39C3733FD} = {9260AB56-054A-49D1-8354-F98AE59E5261}
	EndGlobalSection
	GlobalSection(ExtensibilityGlobals) = postSolution
		SolutionGuid = {9FC3188C-A3C9-42FC-AF35-0CDCE91C707A}
	EndGlobalSection
EndGlobal
