
Microsoft Visual Studio Solution File, Format Version 12.00
# Visual Studio Version 16
VisualStudioVersion = 16.0.30523.141
MinimumVisualStudioVersion = 10.0.40219.1
Project("{2150E333-8FDC-42A3-9474-1A3956D46DE8}") = "Xamarin", "Xamarin", "{A779D425-8A47-4C76-B96B-C5F00E90C934}"
EndProject
Project("{2150E333-8FDC-42A3-9474-1A3956D46DE8}") = "WebRTCme.DemoApp", "WebRTCme.DemoApp", "{47EF2BFA-1BDD-45FD-BA01-B40ABC5D58E3}"
EndProject
Project("{9A19103F-16F7-4668-BE54-9A1E7A4F7556}") = "WebRTCme.DemoApp.Xamarin", "WebRTCme.DemoApp\Xamarin\WebRTCme.DemoApp.Xamarin\WebRTCme.DemoApp.Xamarin.csproj", "{68D2D99F-CE72-4EC6-BE84-64044277FE85}"
EndProject
Project("{FAE04EC0-301F-11D3-BF4B-00C04F79EFBC}") = "WebRTCme.DemoApp.Xamarin.Android", "WebRTCme.DemoApp\Xamarin\WebRTCme.DemoApp.Xamarin.Android\WebRTCme.DemoApp.Xamarin.Android.csproj", "{829B8C0C-D77B-4D32-92BF-04318DC0594F}"
EndProject
Project("{FAE04EC0-301F-11D3-BF4B-00C04F79EFBC}") = "WebRTCme.DemoApp.Xamarin.iOS", "WebRTCme.DemoApp\Xamarin\WebRTCme.DemoApp.Xamarin.iOS\WebRTCme.DemoApp.Xamarin.iOS.csproj", "{6A8E36FA-7CB0-431F-B22F-930F0793A1FF}"
EndProject
Project("{2150E333-8FDC-42A3-9474-1A3956D46DE8}") = "Blazor", "Blazor", "{03D85822-0AE1-4257-87CA-0616A6BD3298}"
EndProject
Project("{9A19103F-16F7-4668-BE54-9A1E7A4F7556}") = "WebRTCme.DemoApp.Blazor.Server", "WebRTCme.DemoApp\Blazor\WebRTCme.DemoApp.Blazor.Server\WebRTCme.DemoApp.Blazor.Server.csproj", "{8C61814F-89E3-4572-9BD3-81F1BD5B59E2}"
EndProject
Project("{9A19103F-16F7-4668-BE54-9A1E7A4F7556}") = "WebRTCme.SignallingServer", "WebRTCme.SignallingServer\WebRTCme.SignallingServer.csproj", "{9A7FDC23-8453-4A6F-ADEF-BB321D80D5E4}"
EndProject
Project("{9A19103F-16F7-4668-BE54-9A1E7A4F7556}") = "WebRTCme.DemoApp.Blazor.Wasm", "WebRTCme.DemoApp\Blazor\WebRTCme.DemoApp.Blazor.Wasm\WebRTCme.DemoApp.Blazor.Wasm.csproj", "{11DC1BF4-2C88-4225-A4DA-CE71E55815DE}"
EndProject
Project("{9A19103F-16F7-4668-BE54-9A1E7A4F7556}") = "WebRTCme.DemoApp.Blazor", "WebRTCme.DemoApp\Blazor\WebRTCme.DemoApp.Blazor\WebRTCme.DemoApp.Blazor.csproj", "{71693BC7-EAEA-43F2-9C76-C38B02242065}"
EndProject
Global
	GlobalSection(SolutionConfigurationPlatforms) = preSolution
		Debug|Any CPU = Debug|Any CPU
		Debug|iPhone = Debug|iPhone
		Debug|iPhoneSimulator = Debug|iPhoneSimulator
		Release|Any CPU = Release|Any CPU
		Release|iPhone = Release|iPhone
		Release|iPhoneSimulator = Release|iPhoneSimulator
	EndGlobalSection
	GlobalSection(ProjectConfigurationPlatforms) = postSolution
		{68D2D99F-CE72-4EC6-BE84-64044277FE85}.Debug|Any CPU.ActiveCfg = Debug|Any CPU
		{68D2D99F-CE72-4EC6-BE84-64044277FE85}.Debug|Any CPU.Build.0 = Debug|Any CPU
		{68D2D99F-CE72-4EC6-BE84-64044277FE85}.Debug|iPhone.ActiveCfg = Debug|Any CPU
		{68D2D99F-CE72-4EC6-BE84-64044277FE85}.Debug|iPhone.Build.0 = Debug|Any CPU
		{68D2D99F-CE72-4EC6-BE84-64044277FE85}.Debug|iPhoneSimulator.ActiveCfg = Debug|Any CPU
		{68D2D99F-CE72-4EC6-BE84-64044277FE85}.Debug|iPhoneSimulator.Build.0 = Debug|Any CPU
		{68D2D99F-CE72-4EC6-BE84-64044277FE85}.Release|Any CPU.ActiveCfg = Release|Any CPU
		{68D2D99F-CE72-4EC6-BE84-64044277FE85}.Release|Any CPU.Build.0 = Release|Any CPU
		{68D2D99F-CE72-4EC6-BE84-64044277FE85}.Release|iPhone.ActiveCfg = Release|Any CPU
		{68D2D99F-CE72-4EC6-BE84-64044277FE85}.Release|iPhone.Build.0 = Release|Any CPU
		{68D2D99F-CE72-4EC6-BE84-64044277FE85}.Release|iPhoneSimulator.ActiveCfg = Release|Any CPU
		{68D2D99F-CE72-4EC6-BE84-64044277FE85}.Release|iPhoneSimulator.Build.0 = Release|Any CPU
		{829B8C0C-D77B-4D32-92BF-04318DC0594F}.Debug|Any CPU.ActiveCfg = Debug|Any CPU
		{829B8C0C-D77B-4D32-92BF-04318DC0594F}.Debug|Any CPU.Build.0 = Debug|Any CPU
		{829B8C0C-D77B-4D32-92BF-04318DC0594F}.Debug|Any CPU.Deploy.0 = Debug|Any CPU
		{829B8C0C-D77B-4D32-92BF-04318DC0594F}.Debug|iPhone.ActiveCfg = Debug|Any CPU
		{829B8C0C-D77B-4D32-92BF-04318DC0594F}.Debug|iPhone.Build.0 = Debug|Any CPU
		{829B8C0C-D77B-4D32-92BF-04318DC0594F}.Debug|iPhone.Deploy.0 = Debug|Any CPU
		{829B8C0C-D77B-4D32-92BF-04318DC0594F}.Debug|iPhoneSimulator.ActiveCfg = Debug|Any CPU
		{829B8C0C-D77B-4D32-92BF-04318DC0594F}.Debug|iPhoneSimulator.Build.0 = Debug|Any CPU
		{829B8C0C-D77B-4D32-92BF-04318DC0594F}.Debug|iPhoneSimulator.Deploy.0 = Debug|Any CPU
		{829B8C0C-D77B-4D32-92BF-04318DC0594F}.Release|Any CPU.ActiveCfg = Release|Any CPU
		{829B8C0C-D77B-4D32-92BF-04318DC0594F}.Release|Any CPU.Build.0 = Release|Any CPU
		{829B8C0C-D77B-4D32-92BF-04318DC0594F}.Release|Any CPU.Deploy.0 = Release|Any CPU
		{829B8C0C-D77B-4D32-92BF-04318DC0594F}.Release|iPhone.ActiveCfg = Release|Any CPU
		{829B8C0C-D77B-4D32-92BF-04318DC0594F}.Release|iPhone.Build.0 = Release|Any CPU
		{829B8C0C-D77B-4D32-92BF-04318DC0594F}.Release|iPhone.Deploy.0 = Release|Any CPU
		{829B8C0C-D77B-4D32-92BF-04318DC0594F}.Release|iPhoneSimulator.ActiveCfg = Release|Any CPU
		{829B8C0C-D77B-4D32-92BF-04318DC0594F}.Release|iPhoneSimulator.Build.0 = Release|Any CPU
		{829B8C0C-D77B-4D32-92BF-04318DC0594F}.Release|iPhoneSimulator.Deploy.0 = Release|Any CPU
		{6A8E36FA-7CB0-431F-B22F-930F0793A1FF}.Debug|Any CPU.ActiveCfg = Debug|iPhoneSimulator
		{6A8E36FA-7CB0-431F-B22F-930F0793A1FF}.Debug|iPhone.ActiveCfg = Debug|iPhone
		{6A8E36FA-7CB0-431F-B22F-930F0793A1FF}.Debug|iPhone.Build.0 = Debug|iPhone
		{6A8E36FA-7CB0-431F-B22F-930F0793A1FF}.Debug|iPhone.Deploy.0 = Debug|iPhone
		{6A8E36FA-7CB0-431F-B22F-930F0793A1FF}.Debug|iPhoneSimulator.ActiveCfg = Debug|iPhoneSimulator
		{6A8E36FA-7CB0-431F-B22F-930F0793A1FF}.Debug|iPhoneSimulator.Build.0 = Debug|iPhoneSimulator
		{6A8E36FA-7CB0-431F-B22F-930F0793A1FF}.Release|Any CPU.ActiveCfg = Release|iPhoneSimulator
		{6A8E36FA-7CB0-431F-B22F-930F0793A1FF}.Release|iPhone.ActiveCfg = Release|iPhone
		{6A8E36FA-7CB0-431F-B22F-930F0793A1FF}.Release|iPhone.Build.0 = Release|iPhone
		{6A8E36FA-7CB0-431F-B22F-930F0793A1FF}.Release|iPhone.Deploy.0 = Release|iPhone
		{6A8E36FA-7CB0-431F-B22F-930F0793A1FF}.Release|iPhoneSimulator.ActiveCfg = Release|iPhoneSimulator
		{6A8E36FA-7CB0-431F-B22F-930F0793A1FF}.Release|iPhoneSimulator.Build.0 = Release|iPhoneSimulator
		{8C61814F-89E3-4572-9BD3-81F1BD5B59E2}.Debug|Any CPU.ActiveCfg = Debug|Any CPU
		{8C61814F-89E3-4572-9BD3-81F1BD5B59E2}.Debug|Any CPU.Build.0 = Debug|Any CPU
		{8C61814F-89E3-4572-9BD3-81F1BD5B59E2}.Debug|iPhone.ActiveCfg = Debug|Any CPU
		{8C61814F-89E3-4572-9BD3-81F1BD5B59E2}.Debug|iPhone.Build.0 = Debug|Any CPU
		{8C61814F-89E3-4572-9BD3-81F1BD5B59E2}.Debug|iPhoneSimulator.ActiveCfg = Debug|Any CPU
		{8C61814F-89E3-4572-9BD3-81F1BD5B59E2}.Debug|iPhoneSimulator.Build.0 = Debug|Any CPU
		{8C61814F-89E3-4572-9BD3-81F1BD5B59E2}.Release|Any CPU.ActiveCfg = Release|Any CPU
		{8C61814F-89E3-4572-9BD3-81F1BD5B59E2}.Release|Any CPU.Build.0 = Release|Any CPU
		{8C61814F-89E3-4572-9BD3-81F1BD5B59E2}.Release|iPhone.ActiveCfg = Release|Any CPU
		{8C61814F-89E3-4572-9BD3-81F1BD5B59E2}.Release|iPhone.Build.0 = Release|Any CPU
		{8C61814F-89E3-4572-9BD3-81F1BD5B59E2}.Release|iPhoneSimulator.ActiveCfg = Release|Any CPU
		{8C61814F-89E3-4572-9BD3-81F1BD5B59E2}.Release|iPhoneSimulator.Build.0 = Release|Any CPU
		{9A7FDC23-8453-4A6F-ADEF-BB321D80D5E4}.Debug|Any CPU.ActiveCfg = Debug|Any CPU
		{9A7FDC23-8453-4A6F-ADEF-BB321D80D5E4}.Debug|Any CPU.Build.0 = Debug|Any CPU
		{9A7FDC23-8453-4A6F-ADEF-BB321D80D5E4}.Debug|iPhone.ActiveCfg = Debug|Any CPU
		{9A7FDC23-8453-4A6F-ADEF-BB321D80D5E4}.Debug|iPhone.Build.0 = Debug|Any CPU
		{9A7FDC23-8453-4A6F-ADEF-BB321D80D5E4}.Debug|iPhoneSimulator.ActiveCfg = Debug|Any CPU
		{9A7FDC23-8453-4A6F-ADEF-BB321D80D5E4}.Debug|iPhoneSimulator.Build.0 = Debug|Any CPU
		{9A7FDC23-8453-4A6F-ADEF-BB321D80D5E4}.Release|Any CPU.ActiveCfg = Release|Any CPU
		{9A7FDC23-8453-4A6F-ADEF-BB321D80D5E4}.Release|Any CPU.Build.0 = Release|Any CPU
		{9A7FDC23-8453-4A6F-ADEF-BB321D80D5E4}.Release|iPhone.ActiveCfg = Release|Any CPU
		{9A7FDC23-8453-4A6F-ADEF-BB321D80D5E4}.Release|iPhone.Build.0 = Release|Any CPU
		{9A7FDC23-8453-4A6F-ADEF-BB321D80D5E4}.Release|iPhoneSimulator.ActiveCfg = Release|Any CPU
		{9A7FDC23-8453-4A6F-ADEF-BB321D80D5E4}.Release|iPhoneSimulator.Build.0 = Release|Any CPU
		{11DC1BF4-2C88-4225-A4DA-CE71E55815DE}.Debug|Any CPU.ActiveCfg = Debug|Any CPU
		{11DC1BF4-2C88-4225-A4DA-CE71E55815DE}.Debug|Any CPU.Build.0 = Debug|Any CPU
		{11DC1BF4-2C88-4225-A4DA-CE71E55815DE}.Debug|iPhone.ActiveCfg = Debug|Any CPU
		{11DC1BF4-2C88-4225-A4DA-CE71E55815DE}.Debug|iPhone.Build.0 = Debug|Any CPU
		{11DC1BF4-2C88-4225-A4DA-CE71E55815DE}.Debug|iPhoneSimulator.ActiveCfg = Debug|Any CPU
		{11DC1BF4-2C88-4225-A4DA-CE71E55815DE}.Debug|iPhoneSimulator.Build.0 = Debug|Any CPU
		{11DC1BF4-2C88-4225-A4DA-CE71E55815DE}.Release|Any CPU.ActiveCfg = Release|Any CPU
		{11DC1BF4-2C88-4225-A4DA-CE71E55815DE}.Release|Any CPU.Build.0 = Release|Any CPU
		{11DC1BF4-2C88-4225-A4DA-CE71E55815DE}.Release|iPhone.ActiveCfg = Release|Any CPU
		{11DC1BF4-2C88-4225-A4DA-CE71E55815DE}.Release|iPhone.Build.0 = Release|Any CPU
		{11DC1BF4-2C88-4225-A4DA-CE71E55815DE}.Release|iPhoneSimulator.ActiveCfg = Release|Any CPU
		{11DC1BF4-2C88-4225-A4DA-CE71E55815DE}.Release|iPhoneSimulator.Build.0 = Release|Any CPU
		{71693BC7-EAEA-43F2-9C76-C38B02242065}.Debug|Any CPU.ActiveCfg = Debug|Any CPU
		{71693BC7-EAEA-43F2-9C76-C38B02242065}.Debug|Any CPU.Build.0 = Debug|Any CPU
		{71693BC7-EAEA-43F2-9C76-C38B02242065}.Debug|iPhone.ActiveCfg = Debug|Any CPU
		{71693BC7-EAEA-43F2-9C76-C38B02242065}.Debug|iPhone.Build.0 = Debug|Any CPU
		{71693BC7-EAEA-43F2-9C76-C38B02242065}.Debug|iPhoneSimulator.ActiveCfg = Debug|Any CPU
		{71693BC7-EAEA-43F2-9C76-C38B02242065}.Debug|iPhoneSimulator.Build.0 = Debug|Any CPU
		{71693BC7-EAEA-43F2-9C76-C38B02242065}.Release|Any CPU.ActiveCfg = Release|Any CPU
		{71693BC7-EAEA-43F2-9C76-C38B02242065}.Release|Any CPU.Build.0 = Release|Any CPU
		{71693BC7-EAEA-43F2-9C76-C38B02242065}.Release|iPhone.ActiveCfg = Release|Any CPU
		{71693BC7-EAEA-43F2-9C76-C38B02242065}.Release|iPhone.Build.0 = Release|Any CPU
		{71693BC7-EAEA-43F2-9C76-C38B02242065}.Release|iPhoneSimulator.ActiveCfg = Release|Any CPU
		{71693BC7-EAEA-43F2-9C76-C38B02242065}.Release|iPhoneSimulator.Build.0 = Release|Any CPU
	EndGlobalSection
	GlobalSection(SolutionProperties) = preSolution
		HideSolutionNode = FALSE
	EndGlobalSection
	GlobalSection(NestedProjects) = preSolution
		{A779D425-8A47-4C76-B96B-C5F00E90C934} = {47EF2BFA-1BDD-45FD-BA01-B40ABC5D58E3}
		{68D2D99F-CE72-4EC6-BE84-64044277FE85} = {A779D425-8A47-4C76-B96B-C5F00E90C934}
		{829B8C0C-D77B-4D32-92BF-04318DC0594F} = {A779D425-8A47-4C76-B96B-C5F00E90C934}
		{6A8E36FA-7CB0-431F-B22F-930F0793A1FF} = {A779D425-8A47-4C76-B96B-C5F00E90C934}
		{03D85822-0AE1-4257-87CA-0616A6BD3298} = {47EF2BFA-1BDD-45FD-BA01-B40ABC5D58E3}
		{8C61814F-89E3-4572-9BD3-81F1BD5B59E2} = {03D85822-0AE1-4257-87CA-0616A6BD3298}
		{11DC1BF4-2C88-4225-A4DA-CE71E55815DE} = {03D85822-0AE1-4257-87CA-0616A6BD3298}
		{71693BC7-EAEA-43F2-9C76-C38B02242065} = {03D85822-0AE1-4257-87CA-0616A6BD3298}
	EndGlobalSection
	GlobalSection(ExtensibilityGlobals) = postSolution
		SolutionGuid = {9FC3188C-A3C9-42FC-AF35-0CDCE91C707A}
	EndGlobalSection
EndGlobal
